// !$*UTF8*$!
{
	archiveVersion = 1;
	classes = {
	};
	objectVersion = 46;
	objects = {

/* Begin PBXBuildFile section */
		AA04E27C1111144D0019434D /* CBEditorController.m in Sources */ = {isa = PBXBuildFile; fileRef = AA04E27B1111144D0019434D /* CBEditorController.m */; };
		AA0E4CB11381504600A2FCF0 /* CBEditorStringInline.h in Headers */ = {isa = PBXBuildFile; fileRef = AA99C700136959F9002C5386 /* CBEditorStringInline.h */; settings = {ATTRIBUTES = (Public, ); }; };
		AA0E4CB2138151AA00A2FCF0 /* CBCellCharacter.h in Headers */ = {isa = PBXBuildFile; fileRef = AAD1106411E4871300072707 /* CBCellCharacter.h */; settings = {ATTRIBUTES = (Public, ); }; };
		AA0E4CB3138151AE00A2FCF0 /* CBCellButtons.h in Headers */ = {isa = PBXBuildFile; fileRef = AA96511B123B8E41005F9CF4 /* CBCellButtons.h */; settings = {ATTRIBUTES = (Public, ); }; };
		AA0E4CB71381521300A2FCF0 /* CBConfigTableViewCell.h in Headers */ = {isa = PBXBuildFile; fileRef = AA0E4CB51381520700A2FCF0 /* CBConfigTableViewCell.h */; settings = {ATTRIBUTES = (Public, ); }; };
		AA0E4CB81381524E00A2FCF0 /* CBEditorOpenURL.h in Headers */ = {isa = PBXBuildFile; fileRef = AA987CA411B4F57C0066D3BE /* CBEditorOpenURL.h */; settings = {ATTRIBUTES = (Public, ); }; };
		AA0E4CB91381525100A2FCF0 /* CBEditorTargetAction.h in Headers */ = {isa = PBXBuildFile; fileRef = AAD27264129EBC9500ABEDF8 /* CBEditorTargetAction.h */; settings = {ATTRIBUTES = (Public, ); }; };
		AA20294E160116AA00C25C98 /* CBEditorStepper.h in Headers */ = {isa = PBXBuildFile; fileRef = AA20294C160116AA00C25C98 /* CBEditorStepper.h */; settings = {ATTRIBUTES = (Public, ); }; };
		AA20294F160116AA00C25C98 /* CBEditorStepper.m in Sources */ = {isa = PBXBuildFile; fileRef = AA20294D160116AA00C25C98 /* CBEditorStepper.m */; };
		AA2F0B191BD9615B00F22B93 /* CBConfigurableTableView.h in Headers */ = {isa = PBXBuildFile; fileRef = AADC28611121823000E71852 /* CBConfigurableTableView.h */; settings = {ATTRIBUTES = (Public, ); }; };
		AA39A4CF10FC5BD50038C291 /* CBEditorNumeric.m in Sources */ = {isa = PBXBuildFile; fileRef = AA39A4CD10FC5BD50038C291 /* CBEditorNumeric.m */; };
		AA39A4D310FC5C2E0038C291 /* CBNumericEditorController.m in Sources */ = {isa = PBXBuildFile; fileRef = AA39A4D110FC5C2E0038C291 /* CBNumericEditorController.m */; };
		AA438C18153AD511001226B4 /* CBCellPerformSegue.h in Headers */ = {isa = PBXBuildFile; fileRef = AA438C16153AD511001226B4 /* CBCellPerformSegue.h */; settings = {ATTRIBUTES = (Public, ); }; };
		AA438C19153AD511001226B4 /* CBCellPerformSegue.m in Sources */ = {isa = PBXBuildFile; fileRef = AA438C17153AD511001226B4 /* CBCellPerformSegue.m */; };
		AA6422071144FF100093A091 /* CBCellStringInlineEditor.h in Headers */ = {isa = PBXBuildFile; fileRef = AA6422051144FF100093A091 /* CBCellStringInlineEditor.h */; settings = {ATTRIBUTES = (Public, ); }; };
		AA6422081144FF100093A091 /* CBCellStringInlineEditor.m in Sources */ = {isa = PBXBuildFile; fileRef = AA6422061144FF100093A091 /* CBCellStringInlineEditor.m */; };
		AA65526011119B390048C23B /* CBCellOptions.m in Sources */ = {isa = PBXBuildFile; fileRef = AA65525E11119B390048C23B /* CBCellOptions.m */; };
		AA717C4E112006C500FB5173 /* UIImageAdditions.h in Headers */ = {isa = PBXBuildFile; fileRef = AA717C4C112006C500FB5173 /* UIImageAdditions.h */; settings = {ATTRIBUTES = (Public, ); }; };
		AA717C4F112006C600FB5173 /* UIImageAdditions.m in Sources */ = {isa = PBXBuildFile; fileRef = AA717C4D112006C500FB5173 /* UIImageAdditions.m */; };
		AA747D9F0F9514B9006C5449 /* ConfigurableTableView_Prefix.pch in Headers */ = {isa = PBXBuildFile; fileRef = AA747D9E0F9514B9006C5449 /* ConfigurableTableView_Prefix.pch */; };
		AA96511E123B8E41005F9CF4 /* CBCellButtons.m in Sources */ = {isa = PBXBuildFile; fileRef = AA96511C123B8E41005F9CF4 /* CBCellButtons.m */; };
		AA987C8E11B4F3270066D3BE /* CBEditorOpenURL.m in Sources */ = {isa = PBXBuildFile; fileRef = AA987C8C11B4F3270066D3BE /* CBEditorOpenURL.m */; };
		AA99AFC710CD212E00538E1F /* CBCellSubtable.m in Sources */ = {isa = PBXBuildFile; fileRef = AA99AFC510CD212E00538E1F /* CBCellSubtable.m */; };
		AA99C6E013695528002C5386 /* CBEditorStringInline.m in Sources */ = {isa = PBXBuildFile; fileRef = AA99C6DE13695528002C5386 /* CBEditorStringInline.m */; };
		AAA158DA10F4B4E10080D3B7 /* CBEditorString.m in Sources */ = {isa = PBXBuildFile; fileRef = AAA158D810F4B4E10080D3B7 /* CBEditorString.m */; };
		AAA158DE10F4B50D0080D3B7 /* CBStringEditorController.m in Sources */ = {isa = PBXBuildFile; fileRef = AAA158DC10F4B50D0080D3B7 /* CBStringEditorController.m */; };
		AAA1590C10F4B66C0080D3B7 /* CBTextFieldTableViewCell.m in Sources */ = {isa = PBXBuildFile; fileRef = AAA1590810F4B66C0080D3B7 /* CBTextFieldTableViewCell.m */; };
		AAA1590E10F4B66C0080D3B7 /* CBTextViewTableViewCell.m in Sources */ = {isa = PBXBuildFile; fileRef = AAA1590A10F4B66C0080D3B7 /* CBTextViewTableViewCell.m */; };
		AAA1591710F4B6AA0080D3B7 /* CBEditableTableViewCell.m in Sources */ = {isa = PBXBuildFile; fileRef = AAA1591510F4B6AA0080D3B7 /* CBEditableTableViewCell.m */; };
		AAA50CB8170B4217008E9017 /* CBEditorOptionsSubtable.h in Headers */ = {isa = PBXBuildFile; fileRef = AAA50CB6170B4216008E9017 /* CBEditorOptionsSubtable.h */; settings = {ATTRIBUTES = (Public, ); }; };
		AAA50CB9170B4217008E9017 /* CBEditorOptionsSubtable.m in Sources */ = {isa = PBXBuildFile; fileRef = AAA50CB7170B4217008E9017 /* CBEditorOptionsSubtable.m */; };
		AAA9424E110C66C70045A98E /* CBMultilineTableViewCell.h in Headers */ = {isa = PBXBuildFile; fileRef = AAA9424C110C66C70045A98E /* CBMultilineTableViewCell.h */; settings = {ATTRIBUTES = (Public, ); }; };
		AAA9424F110C66C70045A98E /* CBMultilineTableViewCell.m in Sources */ = {isa = PBXBuildFile; fileRef = AAA9424D110C66C70045A98E /* CBMultilineTableViewCell.m */; };
		AAA945B5110DA1A70045A98E /* CBCellImage.m in Sources */ = {isa = PBXBuildFile; fileRef = AAA945B3110DA1A70045A98E /* CBCellImage.m */; };
		AAA945E8110DA9C20045A98E /* CBImageEditorController.m in Sources */ = {isa = PBXBuildFile; fileRef = AAA945E6110DA9C20045A98E /* CBImageEditorController.m */; };
		AAA9466F110DB4FC0045A98E /* CBCTVGlobal.h in Headers */ = {isa = PBXBuildFile; fileRef = AAA9466D110DB4FC0045A98E /* CBCTVGlobal.h */; settings = {ATTRIBUTES = (Public, ); }; };
		AAA94670110DB4FC0045A98E /* CBCTVGlobal.m in Sources */ = {isa = PBXBuildFile; fileRef = AAA9466E110DB4FC0045A98E /* CBCTVGlobal.m */; };
		AABB397014879D4900A1AD86 /* CBCellNumericStepper.m in Sources */ = {isa = PBXBuildFile; fileRef = AABB396F14879D4900A1AD86 /* CBCellNumericStepper.m */; };
		AABB397714879F6700A1AD86 /* CBStepperCell.m in Sources */ = {isa = PBXBuildFile; fileRef = AABB397514879F6700A1AD86 /* CBStepperCell.m */; };
		AABB39781487A15E00A1AD86 /* CBCellNumericStepper.h in Headers */ = {isa = PBXBuildFile; fileRef = AABB397214879D5500A1AD86 /* CBCellNumericStepper.h */; settings = {ATTRIBUTES = (Public, ); }; };
		AACB802C1536F464002CCDD2 /* CBConfigurableDataSourceAndDelegate.h in Headers */ = {isa = PBXBuildFile; fileRef = AACB802A1536F464002CCDD2 /* CBConfigurableDataSourceAndDelegate.h */; settings = {ATTRIBUTES = (Public, ); }; };
		AACB802D1536F464002CCDD2 /* CBConfigurableDataSourceAndDelegate.m in Sources */ = {isa = PBXBuildFile; fileRef = AACB802B1536F464002CCDD2 /* CBConfigurableDataSourceAndDelegate.m */; };
		AACBBE4A0F95108600F1A2B1 /* Foundation.framework in Frameworks */ = {isa = PBXBuildFile; fileRef = AACBBE490F95108600F1A2B1 /* Foundation.framework */; };
		AAD1103511E4835100072707 /* CBCellCharacter.m in Sources */ = {isa = PBXBuildFile; fileRef = AAD1103311E4835100072707 /* CBCellCharacter.m */; };
		AAD1103911E4838200072707 /* CBCharacterTableViewCell.m in Sources */ = {isa = PBXBuildFile; fileRef = AAD1103711E4838200072707 /* CBCharacterTableViewCell.m */; };
		AAD110CB11E489EE00072707 /* CBConfigTableViewCell.m in Sources */ = {isa = PBXBuildFile; fileRef = AAD110C911E489EE00072707 /* CBConfigTableViewCell.m */; };
		AAD27252129EBAF600ABEDF8 /* CBEditorTargetAction.m in Sources */ = {isa = PBXBuildFile; fileRef = AAD27250129EBAF600ABEDF8 /* CBEditorTargetAction.m */; };
		AAD5CBF810C8FC86003D3A14 /* CBConfigurableTableViewController.h in Headers */ = {isa = PBXBuildFile; fileRef = AAD5CBF610C8FC86003D3A14 /* CBConfigurableTableViewController.h */; settings = {ATTRIBUTES = (Public, ); }; };
		AAD5CBF910C8FC86003D3A14 /* CBConfigurableTableViewController.m in Sources */ = {isa = PBXBuildFile; fileRef = AAD5CBF710C8FC86003D3A14 /* CBConfigurableTableViewController.m */; };
		AAD5CBFE10C8FDDB003D3A14 /* CBTable.m in Sources */ = {isa = PBXBuildFile; fileRef = AAD5CBFC10C8FDDB003D3A14 /* CBTable.m */; };
		AAD5CC0210C8FEE2003D3A14 /* CBCell.m in Sources */ = {isa = PBXBuildFile; fileRef = AAD5CC0010C8FEE2003D3A14 /* CBCell.m */; };
		AAD5CC0610C9009C003D3A14 /* CBSection.m in Sources */ = {isa = PBXBuildFile; fileRef = AAD5CC0410C9009C003D3A14 /* CBSection.m */; };
		AAD5CC3C10C90623003D3A14 /* CBCellString.h in Headers */ = {isa = PBXBuildFile; fileRef = AAD5CC3A10C90623003D3A14 /* CBCellString.h */; settings = {ATTRIBUTES = (Public, ); }; };
		AAD5CC3D10C90623003D3A14 /* CBCellString.m in Sources */ = {isa = PBXBuildFile; fileRef = AAD5CC3B10C90623003D3A14 /* CBCellString.m */; };
		AAD5CCE410C90E02003D3A14 /* UIKit.framework in Frameworks */ = {isa = PBXBuildFile; fileRef = AAD5CCE310C90E02003D3A14 /* UIKit.framework */; };
		AAD5CDDA10C91A3A003D3A14 /* CBCellNumeric.m in Sources */ = {isa = PBXBuildFile; fileRef = AAD5CDD810C91A3A003D3A14 /* CBCellNumeric.m */; };
		AAD5CE6F10C9537C003D3A14 /* CBCellBoolean.m in Sources */ = {isa = PBXBuildFile; fileRef = AAD5CE6D10C9537C003D3A14 /* CBCellBoolean.m */; };
		AAD5CED710C95AC3003D3A14 /* CBSliderCell.h in Headers */ = {isa = PBXBuildFile; fileRef = AAD5CED510C95AC3003D3A14 /* CBSliderCell.h */; settings = {ATTRIBUTES = (Public, ); }; };
		AAD5CED810C95AC3003D3A14 /* CBSliderCell.m in Sources */ = {isa = PBXBuildFile; fileRef = AAD5CED610C95AC3003D3A14 /* CBSliderCell.m */; };
		AAD5CEF210C95C20003D3A14 /* CBCellNumericSlider.m in Sources */ = {isa = PBXBuildFile; fileRef = AAD5CEF010C95C20003D3A14 /* CBCellNumericSlider.m */; };
		AAD5CFE510C96676003D3A14 /* CBPickerController.m in Sources */ = {isa = PBXBuildFile; fileRef = AAD5CFE310C96676003D3A14 /* CBPickerController.m */; };
		AAD5CFEE10C9671E003D3A14 /* CBEditorPicker.m in Sources */ = {isa = PBXBuildFile; fileRef = AAD5CFEC10C9671E003D3A14 /* CBEditorPicker.m */; };
		AAD5D07310C97290003D3A14 /* CBEditor.m in Sources */ = {isa = PBXBuildFile; fileRef = AAD5D07210C97290003D3A14 /* CBEditor.m */; };
		AADC277511217DA100E71852 /* CBCellAction.h in Headers */ = {isa = PBXBuildFile; fileRef = AADC276C11217DA100E71852 /* CBCellAction.h */; settings = {ATTRIBUTES = (Public, ); }; };
		AADC277611217DA100E71852 /* CBCellBoolean.h in Headers */ = {isa = PBXBuildFile; fileRef = AADC276D11217DA100E71852 /* CBCellBoolean.h */; settings = {ATTRIBUTES = (Public, ); }; };
		AADC277711217DA100E71852 /* CBCellDate.h in Headers */ = {isa = PBXBuildFile; fileRef = AADC276E11217DA100E71852 /* CBCellDate.h */; settings = {ATTRIBUTES = (Public, ); }; };
		AADC277811217DA100E71852 /* CBCellImage.h in Headers */ = {isa = PBXBuildFile; fileRef = AADC276F11217DA100E71852 /* CBCellImage.h */; settings = {ATTRIBUTES = (Public, ); }; };
		AADC277911217DA100E71852 /* CBCellNumeric.h in Headers */ = {isa = PBXBuildFile; fileRef = AADC277011217DA100E71852 /* CBCellNumeric.h */; settings = {ATTRIBUTES = (Public, ); }; };
		AADC277A11217DA100E71852 /* CBCellNumericSlider.h in Headers */ = {isa = PBXBuildFile; fileRef = AADC277111217DA100E71852 /* CBCellNumericSlider.h */; settings = {ATTRIBUTES = (Public, ); }; };
		AADC277B11217DA100E71852 /* CBCellOptions.h in Headers */ = {isa = PBXBuildFile; fileRef = AADC277211217DA100E71852 /* CBCellOptions.h */; settings = {ATTRIBUTES = (Public, ); }; };
		AADC277C11217DA100E71852 /* CBCellPassword.h in Headers */ = {isa = PBXBuildFile; fileRef = AADC277311217DA100E71852 /* CBCellPassword.h */; settings = {ATTRIBUTES = (Public, ); }; };
		AADC277D11217DA100E71852 /* CBCellSubtable.h in Headers */ = {isa = PBXBuildFile; fileRef = AADC277411217DA100E71852 /* CBCellSubtable.h */; settings = {ATTRIBUTES = (Public, ); }; };
		AADC278311217E6900E71852 /* CBEditorDatePicker.h in Headers */ = {isa = PBXBuildFile; fileRef = AADC277E11217E6900E71852 /* CBEditorDatePicker.h */; settings = {ATTRIBUTES = (Public, ); }; };
		AADC278411217E6900E71852 /* CBEditorNumeric.h in Headers */ = {isa = PBXBuildFile; fileRef = AADC277F11217E6900E71852 /* CBEditorNumeric.h */; settings = {ATTRIBUTES = (Public, ); }; };
		AADC278511217E6900E71852 /* CBEditorPassword.h in Headers */ = {isa = PBXBuildFile; fileRef = AADC278011217E6900E71852 /* CBEditorPassword.h */; settings = {ATTRIBUTES = (Public, ); }; };
		AADC278611217E6900E71852 /* CBEditorPicker.h in Headers */ = {isa = PBXBuildFile; fileRef = AADC278111217E6900E71852 /* CBEditorPicker.h */; settings = {ATTRIBUTES = (Public, ); }; };
		AADC278711217E6900E71852 /* CBEditorString.h in Headers */ = {isa = PBXBuildFile; fileRef = AADC278211217E6900E71852 /* CBEditorString.h */; settings = {ATTRIBUTES = (Public, ); }; };
		AADC278C11217E9000E71852 /* CBCell.h in Headers */ = {isa = PBXBuildFile; fileRef = AADC278811217E9000E71852 /* CBCell.h */; settings = {ATTRIBUTES = (Public, ); }; };
		AADC278D11217E9000E71852 /* CBEditor.h in Headers */ = {isa = PBXBuildFile; fileRef = AADC278911217E9000E71852 /* CBEditor.h */; settings = {ATTRIBUTES = (Public, ); }; };
		AADC278E11217E9000E71852 /* CBSection.h in Headers */ = {isa = PBXBuildFile; fileRef = AADC278A11217E9000E71852 /* CBSection.h */; settings = {ATTRIBUTES = (Public, ); }; };
		AADC278F11217E9000E71852 /* CBTable.h in Headers */ = {isa = PBXBuildFile; fileRef = AADC278B11217E9000E71852 /* CBTable.h */; settings = {ATTRIBUTES = (Public, ); }; };
		AADC279611217EEA00E71852 /* CBEditorController.h in Headers */ = {isa = PBXBuildFile; fileRef = AADC279011217EEA00E71852 /* CBEditorController.h */; settings = {ATTRIBUTES = (Public, ); }; };
		AADC279711217EEA00E71852 /* CBImageEditorController.h in Headers */ = {isa = PBXBuildFile; fileRef = AADC279111217EEA00E71852 /* CBImageEditorController.h */; settings = {ATTRIBUTES = (Public, ); }; };
		AADC279811217EEA00E71852 /* CBNumericEditorController.h in Headers */ = {isa = PBXBuildFile; fileRef = AADC279211217EEA00E71852 /* CBNumericEditorController.h */; settings = {ATTRIBUTES = (Public, ); }; };
		AADC279911217EEA00E71852 /* CBOptionsPickerController.h in Headers */ = {isa = PBXBuildFile; fileRef = AADC279311217EEA00E71852 /* CBOptionsPickerController.h */; settings = {ATTRIBUTES = (Public, ); }; };
		AADC279A11217EEA00E71852 /* CBPickerController.h in Headers */ = {isa = PBXBuildFile; fileRef = AADC279411217EEA00E71852 /* CBPickerController.h */; settings = {ATTRIBUTES = (Public, ); }; };
		AADC279B11217EEA00E71852 /* CBStringEditorController.h in Headers */ = {isa = PBXBuildFile; fileRef = AADC279511217EEA00E71852 /* CBStringEditorController.h */; settings = {ATTRIBUTES = (Public, ); }; };
		AADC279F11217F1300E71852 /* CBTextFieldTableViewCell.h in Headers */ = {isa = PBXBuildFile; fileRef = AADC279C11217F1300E71852 /* CBTextFieldTableViewCell.h */; settings = {ATTRIBUTES = (Public, ); }; };
		AADC27A011217F1300E71852 /* CBTextViewTableViewCell.h in Headers */ = {isa = PBXBuildFile; fileRef = AADC279D11217F1300E71852 /* CBTextViewTableViewCell.h */; settings = {ATTRIBUTES = (Public, ); }; };
		AADC27A111217F1300E71852 /* CBEditableTableViewCell.h in Headers */ = {isa = PBXBuildFile; fileRef = AADC279E11217F1300E71852 /* CBEditableTableViewCell.h */; settings = {ATTRIBUTES = (Public, ); }; };
		AADC28621121823000E71852 /* CBConfigurableTableView.h in Headers */ = {isa = PBXBuildFile; fileRef = AADC28611121823000E71852 /* CBConfigurableTableView.h */; settings = {ATTRIBUTES = (Public, ); }; };
		AADC28641121824300E71852 /* CBDatePickerController.h in Headers */ = {isa = PBXBuildFile; fileRef = AADC28631121824300E71852 /* CBDatePickerController.h */; settings = {ATTRIBUTES = (Public, ); }; };
		AAE8E953110FAC9D00352032 /* CBPickerOption.h in Headers */ = {isa = PBXBuildFile; fileRef = AAE8E951110FAC9D00352032 /* CBPickerOption.h */; settings = {ATTRIBUTES = (Public, ); }; };
		AAE8E954110FAC9D00352032 /* CBPickerOption.m in Sources */ = {isa = PBXBuildFile; fileRef = AAE8E952110FAC9D00352032 /* CBPickerOption.m */; };
		AAE94AE310F4EF0900234EA2 /* CBCellPassword.m in Sources */ = {isa = PBXBuildFile; fileRef = AAE94AE110F4EF0900234EA2 /* CBCellPassword.m */; };
		AAE94AE810F4EF9300234EA2 /* CBEditorPassword.m in Sources */ = {isa = PBXBuildFile; fileRef = AAE94AE610F4EF9300234EA2 /* CBEditorPassword.m */; };
		AAE94F1210F5CE4800234EA2 /* CBDatePickerController.m in Sources */ = {isa = PBXBuildFile; fileRef = AAE94F1010F5CE4700234EA2 /* CBDatePickerController.m */; };
		AAE94F1710F5CF2400234EA2 /* CBOptionsPickerController.m in Sources */ = {isa = PBXBuildFile; fileRef = AAE94F1510F5CF2400234EA2 /* CBOptionsPickerController.m */; };
		AAE94F5510F5D31500234EA2 /* CBEditorDatePicker.m in Sources */ = {isa = PBXBuildFile; fileRef = AAE94F5310F5D31500234EA2 /* CBEditorDatePicker.m */; };
		AAE94F7B10F5D4F400234EA2 /* CBCellDate.m in Sources */ = {isa = PBXBuildFile; fileRef = AAE94F7910F5D4F400234EA2 /* CBCellDate.m */; };
		AAEF39781BCF03CC0000509E /* CBCTVGlobal.h in Headers */ = {isa = PBXBuildFile; fileRef = AAA9466D110DB4FC0045A98E /* CBCTVGlobal.h */; settings = {ATTRIBUTES = (Public, ); }; };
		AAEF39791BCF03FE0000509E /* CBCellString.h in Headers */ = {isa = PBXBuildFile; fileRef = AAD5CC3A10C90623003D3A14 /* CBCellString.h */; settings = {ATTRIBUTES = (Public, ); }; };
		AAEF397A1BCF03FE0000509E /* CBCellStringInlineEditor.h in Headers */ = {isa = PBXBuildFile; fileRef = AA6422051144FF100093A091 /* CBCellStringInlineEditor.h */; settings = {ATTRIBUTES = (Public, ); }; };
		AAEF397B1BCF03FE0000509E /* CBCellNumeric.h in Headers */ = {isa = PBXBuildFile; fileRef = AADC277011217DA100E71852 /* CBCellNumeric.h */; settings = {ATTRIBUTES = (Public, ); }; };
		AAEF397C1BCF03FE0000509E /* CBCellBoolean.h in Headers */ = {isa = PBXBuildFile; fileRef = AADC276D11217DA100E71852 /* CBCellBoolean.h */; settings = {ATTRIBUTES = (Public, ); }; };
		AAEF397D1BCF03FE0000509E /* CBCellNumericSlider.h in Headers */ = {isa = PBXBuildFile; fileRef = AADC277111217DA100E71852 /* CBCellNumericSlider.h */; settings = {ATTRIBUTES = (Public, ); }; };
		AAEF397E1BCF03FE0000509E /* CBCellNumericStepper.h in Headers */ = {isa = PBXBuildFile; fileRef = AABB397214879D5500A1AD86 /* CBCellNumericStepper.h */; settings = {ATTRIBUTES = (Public, ); }; };
		AAEF397F1BCF03FE0000509E /* CBCellSubtable.h in Headers */ = {isa = PBXBuildFile; fileRef = AADC277411217DA100E71852 /* CBCellSubtable.h */; settings = {ATTRIBUTES = (Public, ); }; };
		AAEF39801BCF03FE0000509E /* CBCellPassword.h in Headers */ = {isa = PBXBuildFile; fileRef = AADC277311217DA100E71852 /* CBCellPassword.h */; settings = {ATTRIBUTES = (Public, ); }; };
		AAEF39811BCF03FE0000509E /* CBCellDate.h in Headers */ = {isa = PBXBuildFile; fileRef = AADC276E11217DA100E71852 /* CBCellDate.h */; settings = {ATTRIBUTES = (Public, ); }; };
		AAEF39821BCF03FE0000509E /* CBCellImage.h in Headers */ = {isa = PBXBuildFile; fileRef = AADC276F11217DA100E71852 /* CBCellImage.h */; settings = {ATTRIBUTES = (Public, ); }; };
		AAEF39831BCF03FE0000509E /* CBCellAction.h in Headers */ = {isa = PBXBuildFile; fileRef = AADC276C11217DA100E71852 /* CBCellAction.h */; settings = {ATTRIBUTES = (Public, ); }; };
		AAEF39841BCF03FE0000509E /* CBCellOptions.h in Headers */ = {isa = PBXBuildFile; fileRef = AADC277211217DA100E71852 /* CBCellOptions.h */; settings = {ATTRIBUTES = (Public, ); }; };
		AAEF39851BCF03FE0000509E /* CBCellCharacter.h in Headers */ = {isa = PBXBuildFile; fileRef = AAD1106411E4871300072707 /* CBCellCharacter.h */; settings = {ATTRIBUTES = (Public, ); }; };
		AAEF39861BCF03FE0000509E /* CBCellButtons.h in Headers */ = {isa = PBXBuildFile; fileRef = AA96511B123B8E41005F9CF4 /* CBCellButtons.h */; settings = {ATTRIBUTES = (Public, ); }; };
		AAEF39871BCF03FE0000509E /* CBCellPerformSegue.h in Headers */ = {isa = PBXBuildFile; fileRef = AA438C16153AD511001226B4 /* CBCellPerformSegue.h */; settings = {ATTRIBUTES = (Public, ); }; };
		AAEF39881BCF03FE0000509E /* CBEditorPicker.h in Headers */ = {isa = PBXBuildFile; fileRef = AADC278111217E6900E71852 /* CBEditorPicker.h */; settings = {ATTRIBUTES = (Public, ); }; };
		AAEF39891BCF03FE0000509E /* CBEditorString.h in Headers */ = {isa = PBXBuildFile; fileRef = AADC278211217E6900E71852 /* CBEditorString.h */; settings = {ATTRIBUTES = (Public, ); }; };
		AAEF398A1BCF03FE0000509E /* CBEditorStringInline.h in Headers */ = {isa = PBXBuildFile; fileRef = AA99C700136959F9002C5386 /* CBEditorStringInline.h */; settings = {ATTRIBUTES = (Public, ); }; };
		AAEF398B1BCF03FE0000509E /* CBEditorNumeric.h in Headers */ = {isa = PBXBuildFile; fileRef = AADC277F11217E6900E71852 /* CBEditorNumeric.h */; settings = {ATTRIBUTES = (Public, ); }; };
		AAEF398C1BCF03FE0000509E /* CBEditorPassword.h in Headers */ = {isa = PBXBuildFile; fileRef = AADC278011217E6900E71852 /* CBEditorPassword.h */; settings = {ATTRIBUTES = (Public, ); }; };
		AAEF398D1BCF03FE0000509E /* CBEditorDatePicker.h in Headers */ = {isa = PBXBuildFile; fileRef = AADC277E11217E6900E71852 /* CBEditorDatePicker.h */; settings = {ATTRIBUTES = (Public, ); }; };
		AAEF398E1BCF03FE0000509E /* CBEditorOpenURL.h in Headers */ = {isa = PBXBuildFile; fileRef = AA987CA411B4F57C0066D3BE /* CBEditorOpenURL.h */; settings = {ATTRIBUTES = (Public, ); }; };
		AAEF398F1BCF03FE0000509E /* CBEditorTargetAction.h in Headers */ = {isa = PBXBuildFile; fileRef = AAD27264129EBC9500ABEDF8 /* CBEditorTargetAction.h */; settings = {ATTRIBUTES = (Public, ); }; };
		AAEF39901BCF03FE0000509E /* CBEditorStepper.h in Headers */ = {isa = PBXBuildFile; fileRef = AA20294C160116AA00C25C98 /* CBEditorStepper.h */; settings = {ATTRIBUTES = (Public, ); }; };
		AAEF39911BCF03FE0000509E /* CBEditorOptionsSubtable.h in Headers */ = {isa = PBXBuildFile; fileRef = AAA50CB6170B4216008E9017 /* CBEditorOptionsSubtable.h */; settings = {ATTRIBUTES = (Public, ); }; };
		AAEF39921BCF03FE0000509E /* CBPickerOption.h in Headers */ = {isa = PBXBuildFile; fileRef = AAE8E951110FAC9D00352032 /* CBPickerOption.h */; settings = {ATTRIBUTES = (Public, ); }; };
		AAEF39931BCF03FE0000509E /* CBTable.h in Headers */ = {isa = PBXBuildFile; fileRef = AADC278B11217E9000E71852 /* CBTable.h */; settings = {ATTRIBUTES = (Public, ); }; };
		AAEF39941BCF03FE0000509E /* CBSection.h in Headers */ = {isa = PBXBuildFile; fileRef = AADC278A11217E9000E71852 /* CBSection.h */; settings = {ATTRIBUTES = (Public, ); }; };
		AAEF39951BCF03FE0000509E /* CBCell.h in Headers */ = {isa = PBXBuildFile; fileRef = AADC278811217E9000E71852 /* CBCell.h */; settings = {ATTRIBUTES = (Public, ); }; };
		AAEF39961BCF03FE0000509E /* CBEditor.h in Headers */ = {isa = PBXBuildFile; fileRef = AADC278911217E9000E71852 /* CBEditor.h */; settings = {ATTRIBUTES = (Public, ); }; };
		AAEF39971BCF04070000509E /* CBConfigurableTableViewController.h in Headers */ = {isa = PBXBuildFile; fileRef = AAD5CBF610C8FC86003D3A14 /* CBConfigurableTableViewController.h */; settings = {ATTRIBUTES = (Public, ); }; };
		AAEF39981BCF04070000509E /* CBConfigurableDataSourceAndDelegate.h in Headers */ = {isa = PBXBuildFile; fileRef = AACB802A1536F464002CCDD2 /* CBConfigurableDataSourceAndDelegate.h */; settings = {ATTRIBUTES = (Public, ); }; };
		AAEF39991BCF042F0000509E /* CBCTVGlobal.m in Sources */ = {isa = PBXBuildFile; fileRef = AAA9466E110DB4FC0045A98E /* CBCTVGlobal.m */; settings = {ASSET_TAGS = (); }; };
		AAEF399A1BCF042F0000509E /* CBCellString.m in Sources */ = {isa = PBXBuildFile; fileRef = AAD5CC3B10C90623003D3A14 /* CBCellString.m */; settings = {ASSET_TAGS = (); }; };
		AAEF399B1BCF042F0000509E /* CBCellStringInlineEditor.m in Sources */ = {isa = PBXBuildFile; fileRef = AA6422061144FF100093A091 /* CBCellStringInlineEditor.m */; settings = {ASSET_TAGS = (); }; };
		AAEF399C1BCF042F0000509E /* CBCellNumeric.m in Sources */ = {isa = PBXBuildFile; fileRef = AAD5CDD810C91A3A003D3A14 /* CBCellNumeric.m */; settings = {ASSET_TAGS = (); }; };
		AAEF399D1BCF042F0000509E /* CBCellBoolean.m in Sources */ = {isa = PBXBuildFile; fileRef = AAD5CE6D10C9537C003D3A14 /* CBCellBoolean.m */; settings = {ASSET_TAGS = (); }; };
		AAEF399E1BCF042F0000509E /* CBCellNumericSlider.m in Sources */ = {isa = PBXBuildFile; fileRef = AAD5CEF010C95C20003D3A14 /* CBCellNumericSlider.m */; settings = {ASSET_TAGS = (); }; };
		AAEF399F1BCF042F0000509E /* CBCellNumericStepper.m in Sources */ = {isa = PBXBuildFile; fileRef = AABB396F14879D4900A1AD86 /* CBCellNumericStepper.m */; settings = {ASSET_TAGS = (); }; };
		AAEF39A01BCF042F0000509E /* CBCellSubtable.m in Sources */ = {isa = PBXBuildFile; fileRef = AA99AFC510CD212E00538E1F /* CBCellSubtable.m */; settings = {ASSET_TAGS = (); }; };
		AAEF39A11BCF042F0000509E /* CBCellPassword.m in Sources */ = {isa = PBXBuildFile; fileRef = AAE94AE110F4EF0900234EA2 /* CBCellPassword.m */; settings = {ASSET_TAGS = (); }; };
		AAEF39A21BCF042F0000509E /* CBCellDate.m in Sources */ = {isa = PBXBuildFile; fileRef = AAE94F7910F5D4F400234EA2 /* CBCellDate.m */; settings = {ASSET_TAGS = (); }; };
		AAEF39A31BCF042F0000509E /* CBCellImage.m in Sources */ = {isa = PBXBuildFile; fileRef = AAA945B3110DA1A70045A98E /* CBCellImage.m */; settings = {ASSET_TAGS = (); }; };
		AAEF39A41BCF042F0000509E /* CBCellAction.m in Sources */ = {isa = PBXBuildFile; fileRef = AAFC018911105D7F00E5F04D /* CBCellAction.m */; settings = {ASSET_TAGS = (); }; };
		AAEF39A51BCF042F0000509E /* CBCellOptions.m in Sources */ = {isa = PBXBuildFile; fileRef = AA65525E11119B390048C23B /* CBCellOptions.m */; settings = {ASSET_TAGS = (); }; };
		AAEF39A61BCF042F0000509E /* CBCellCharacter.m in Sources */ = {isa = PBXBuildFile; fileRef = AAD1103311E4835100072707 /* CBCellCharacter.m */; settings = {ASSET_TAGS = (); }; };
		AAEF39A71BCF042F0000509E /* CBCellButtons.m in Sources */ = {isa = PBXBuildFile; fileRef = AA96511C123B8E41005F9CF4 /* CBCellButtons.m */; settings = {ASSET_TAGS = (); }; };
		AAEF39A81BCF042F0000509E /* CBCellPerformSegue.m in Sources */ = {isa = PBXBuildFile; fileRef = AA438C17153AD511001226B4 /* CBCellPerformSegue.m */; settings = {ASSET_TAGS = (); }; };
		AAEF39A91BCF042F0000509E /* CBEditorPicker.m in Sources */ = {isa = PBXBuildFile; fileRef = AAD5CFEC10C9671E003D3A14 /* CBEditorPicker.m */; settings = {ASSET_TAGS = (); }; };
		AAEF39AA1BCF042F0000509E /* CBEditorString.m in Sources */ = {isa = PBXBuildFile; fileRef = AAA158D810F4B4E10080D3B7 /* CBEditorString.m */; settings = {ASSET_TAGS = (); }; };
		AAEF39AB1BCF042F0000509E /* CBEditorStringInline.m in Sources */ = {isa = PBXBuildFile; fileRef = AA99C6DE13695528002C5386 /* CBEditorStringInline.m */; settings = {ASSET_TAGS = (); }; };
		AAEF39AC1BCF042F0000509E /* CBEditorNumeric.m in Sources */ = {isa = PBXBuildFile; fileRef = AA39A4CD10FC5BD50038C291 /* CBEditorNumeric.m */; settings = {ASSET_TAGS = (); }; };
		AAEF39AD1BCF042F0000509E /* CBEditorPassword.m in Sources */ = {isa = PBXBuildFile; fileRef = AAE94AE610F4EF9300234EA2 /* CBEditorPassword.m */; settings = {ASSET_TAGS = (); }; };
		AAEF39AE1BCF042F0000509E /* CBEditorDatePicker.m in Sources */ = {isa = PBXBuildFile; fileRef = AAE94F5310F5D31500234EA2 /* CBEditorDatePicker.m */; settings = {ASSET_TAGS = (); }; };
		AAEF39AF1BCF042F0000509E /* CBEditorOpenURL.m in Sources */ = {isa = PBXBuildFile; fileRef = AA987C8C11B4F3270066D3BE /* CBEditorOpenURL.m */; settings = {ASSET_TAGS = (); }; };
		AAEF39B01BCF042F0000509E /* CBEditorTargetAction.m in Sources */ = {isa = PBXBuildFile; fileRef = AAD27250129EBAF600ABEDF8 /* CBEditorTargetAction.m */; settings = {ASSET_TAGS = (); }; };
		AAEF39B11BCF042F0000509E /* CBEditorStepper.m in Sources */ = {isa = PBXBuildFile; fileRef = AA20294D160116AA00C25C98 /* CBEditorStepper.m */; settings = {ASSET_TAGS = (); }; };
		AAEF39B21BCF042F0000509E /* CBEditorOptionsSubtable.m in Sources */ = {isa = PBXBuildFile; fileRef = AAA50CB7170B4217008E9017 /* CBEditorOptionsSubtable.m */; settings = {ASSET_TAGS = (); }; };
		AAEF39B31BCF042F0000509E /* CBPickerOption.m in Sources */ = {isa = PBXBuildFile; fileRef = AAE8E952110FAC9D00352032 /* CBPickerOption.m */; settings = {ASSET_TAGS = (); }; };
		AAEF39B41BCF042F0000509E /* CBTable.m in Sources */ = {isa = PBXBuildFile; fileRef = AAD5CBFC10C8FDDB003D3A14 /* CBTable.m */; settings = {ASSET_TAGS = (); }; };
		AAEF39B51BCF042F0000509E /* CBSection.m in Sources */ = {isa = PBXBuildFile; fileRef = AAD5CC0410C9009C003D3A14 /* CBSection.m */; settings = {ASSET_TAGS = (); }; };
		AAEF39B61BCF042F0000509E /* CBCell.m in Sources */ = {isa = PBXBuildFile; fileRef = AAD5CC0010C8FEE2003D3A14 /* CBCell.m */; settings = {ASSET_TAGS = (); }; };
		AAEF39B71BCF042F0000509E /* CBEditor.m in Sources */ = {isa = PBXBuildFile; fileRef = AAD5D07210C97290003D3A14 /* CBEditor.m */; settings = {ASSET_TAGS = (); }; };
		AAEF39B81BCF042F0000509E /* CBConfigTableViewCell.m in Sources */ = {isa = PBXBuildFile; fileRef = AAD110C911E489EE00072707 /* CBConfigTableViewCell.m */; settings = {ASSET_TAGS = (); }; };
		AAEF39B91BCF042F0000509E /* CBSliderCell.m in Sources */ = {isa = PBXBuildFile; fileRef = AAD5CED610C95AC3003D3A14 /* CBSliderCell.m */; settings = {ASSET_TAGS = (); }; };
		AAEF39BA1BCF042F0000509E /* CBMultilineTableViewCell.m in Sources */ = {isa = PBXBuildFile; fileRef = AAA9424D110C66C70045A98E /* CBMultilineTableViewCell.m */; settings = {ASSET_TAGS = (); }; };
		AAEF39BB1BCF042F0000509E /* CBCharacterTableViewCell.m in Sources */ = {isa = PBXBuildFile; fileRef = AAD1103711E4838200072707 /* CBCharacterTableViewCell.m */; settings = {ASSET_TAGS = (); }; };
		AAEF39BC1BCF042F0000509E /* CBTextFieldTableViewCell.m in Sources */ = {isa = PBXBuildFile; fileRef = AAA1590810F4B66C0080D3B7 /* CBTextFieldTableViewCell.m */; settings = {ASSET_TAGS = (); }; };
		AAEF39BD1BCF042F0000509E /* CBTextViewTableViewCell.m in Sources */ = {isa = PBXBuildFile; fileRef = AAA1590A10F4B66C0080D3B7 /* CBTextViewTableViewCell.m */; settings = {ASSET_TAGS = (); }; };
		AAEF39BE1BCF042F0000509E /* CBStepperCell.m in Sources */ = {isa = PBXBuildFile; fileRef = AABB397514879F6700A1AD86 /* CBStepperCell.m */; settings = {ASSET_TAGS = (); }; };
		AAEF39BF1BCF042F0000509E /* CBEditableTableViewCell.m in Sources */ = {isa = PBXBuildFile; fileRef = AAA1591510F4B6AA0080D3B7 /* CBEditableTableViewCell.m */; settings = {ASSET_TAGS = (); }; };
		AAEF39C01BCF042F0000509E /* CBEditorController.m in Sources */ = {isa = PBXBuildFile; fileRef = AA04E27B1111144D0019434D /* CBEditorController.m */; settings = {ASSET_TAGS = (); }; };
		AAEF39C11BCF042F0000509E /* CBPickerController.m in Sources */ = {isa = PBXBuildFile; fileRef = AAD5CFE310C96676003D3A14 /* CBPickerController.m */; settings = {ASSET_TAGS = (); }; };
		AAEF39C21BCF042F0000509E /* CBStringEditorController.m in Sources */ = {isa = PBXBuildFile; fileRef = AAA158DC10F4B50D0080D3B7 /* CBStringEditorController.m */; settings = {ASSET_TAGS = (); }; };
		AAEF39C31BCF042F0000509E /* CBDatePickerController.m in Sources */ = {isa = PBXBuildFile; fileRef = AAE94F1010F5CE4700234EA2 /* CBDatePickerController.m */; settings = {ASSET_TAGS = (); }; };
		AAEF39C41BCF042F0000509E /* CBOptionsPickerController.m in Sources */ = {isa = PBXBuildFile; fileRef = AAE94F1510F5CF2400234EA2 /* CBOptionsPickerController.m */; settings = {ASSET_TAGS = (); }; };
		AAEF39C51BCF042F0000509E /* CBNumericEditorController.m in Sources */ = {isa = PBXBuildFile; fileRef = AA39A4D110FC5C2E0038C291 /* CBNumericEditorController.m */; settings = {ASSET_TAGS = (); }; };
		AAEF39C61BCF042F0000509E /* CBImageEditorController.m in Sources */ = {isa = PBXBuildFile; fileRef = AAA945E6110DA9C20045A98E /* CBImageEditorController.m */; settings = {ASSET_TAGS = (); }; };
		AAEF39C71BCF042F0000509E /* UIImageAdditions.m in Sources */ = {isa = PBXBuildFile; fileRef = AA717C4D112006C500FB5173 /* UIImageAdditions.m */; settings = {ASSET_TAGS = (); }; };
		AAEF39C81BCF042F0000509E /* CBConfigurableTableViewController.m in Sources */ = {isa = PBXBuildFile; fileRef = AAD5CBF710C8FC86003D3A14 /* CBConfigurableTableViewController.m */; settings = {ASSET_TAGS = (); }; };
		AAEF39C91BCF042F0000509E /* CBConfigurableDataSourceAndDelegate.m in Sources */ = {isa = PBXBuildFile; fileRef = AACB802B1536F464002CCDD2 /* CBConfigurableDataSourceAndDelegate.m */; settings = {ASSET_TAGS = (); }; };
		AAEF3A3C1BCF13AA0000509E /* UIKit.framework in Frameworks */ = {isa = PBXBuildFile; fileRef = AAD5CCE310C90E02003D3A14 /* UIKit.framework */; };
		AAEF3A3E1BCF13B50000509E /* CoreGraphics.framework in Frameworks */ = {isa = PBXBuildFile; fileRef = AAEF3A3D1BCF13B50000509E /* CoreGraphics.framework */; };
		AAEF3D421BD512BB0000509E /* NSString+CBCTV.h in Headers */ = {isa = PBXBuildFile; fileRef = AAEF3D401BD512BB0000509E /* NSString+CBCTV.h */; settings = {ASSET_TAGS = (); }; };
		AAEF3D431BD512BB0000509E /* NSString+CBCTV.h in Headers */ = {isa = PBXBuildFile; fileRef = AAEF3D401BD512BB0000509E /* NSString+CBCTV.h */; settings = {ASSET_TAGS = (); }; };
		AAEF3D441BD512BB0000509E /* NSString+CBCTV.m in Sources */ = {isa = PBXBuildFile; fileRef = AAEF3D411BD512BB0000509E /* NSString+CBCTV.m */; settings = {ASSET_TAGS = (); }; };
		AAEF3D451BD512BB0000509E /* NSString+CBCTV.m in Sources */ = {isa = PBXBuildFile; fileRef = AAEF3D411BD512BB0000509E /* NSString+CBCTV.m */; settings = {ASSET_TAGS = (); }; };
		AAFC018B11105D7F00E5F04D /* CBCellAction.m in Sources */ = {isa = PBXBuildFile; fileRef = AAFC018911105D7F00E5F04D /* CBCellAction.m */; };
		AAFE09C31BD962580045C8DF /* CBTextViewTableViewCell.h in Headers */ = {isa = PBXBuildFile; fileRef = AADC279D11217F1300E71852 /* CBTextViewTableViewCell.h */; settings = {ATTRIBUTES = (Public, ); }; };
		AAFE09C41BD9627B0045C8DF /* CBConfigTableViewCell.h in Headers */ = {isa = PBXBuildFile; fileRef = AA0E4CB51381520700A2FCF0 /* CBConfigTableViewCell.h */; settings = {ATTRIBUTES = (Public, ); }; };
		AAFE09C51BD9627B0045C8DF /* CBSliderCell.h in Headers */ = {isa = PBXBuildFile; fileRef = AAD5CED510C95AC3003D3A14 /* CBSliderCell.h */; settings = {ATTRIBUTES = (Public, ); }; };
		AAFE09C61BD9627B0045C8DF /* CBMultilineTableViewCell.h in Headers */ = {isa = PBXBuildFile; fileRef = AAA9424C110C66C70045A98E /* CBMultilineTableViewCell.h */; settings = {ATTRIBUTES = (Public, ); }; };
		AAFE09C71BD9627B0045C8DF /* CBCharacterTableViewCell.h in Headers */ = {isa = PBXBuildFile; fileRef = AAD1106611E4872400072707 /* CBCharacterTableViewCell.h */; settings = {ATTRIBUTES = (Public, ); }; };
		AAFE09C81BD9627B0045C8DF /* CBTextFieldTableViewCell.h in Headers */ = {isa = PBXBuildFile; fileRef = AADC279C11217F1300E71852 /* CBTextFieldTableViewCell.h */; settings = {ATTRIBUTES = (Public, ); }; };
		AAFE09C91BD9627B0045C8DF /* CBStepperCell.h in Headers */ = {isa = PBXBuildFile; fileRef = AABB397414879F6700A1AD86 /* CBStepperCell.h */; settings = {ATTRIBUTES = (Public, ); }; };
		AAFE09CD1BD972AC0045C8DF /* CBOptionsPickerController.h in Headers */ = {isa = PBXBuildFile; fileRef = AADC279311217EEA00E71852 /* CBOptionsPickerController.h */; settings = {ATTRIBUTES = (Public, ); }; };
		AAFE09CE1BD973540045C8DF /* CBPickerController.h in Headers */ = {isa = PBXBuildFile; fileRef = AADC279411217EEA00E71852 /* CBPickerController.h */; settings = {ATTRIBUTES = (Public, ); }; };
		AAFE09CF1BD9737C0045C8DF /* CBEditorController.h in Headers */ = {isa = PBXBuildFile; fileRef = AADC279011217EEA00E71852 /* CBEditorController.h */; settings = {ATTRIBUTES = (Public, ); }; };
		AAFE09D01BD9737C0045C8DF /* CBStringEditorController.h in Headers */ = {isa = PBXBuildFile; fileRef = AADC279511217EEA00E71852 /* CBStringEditorController.h */; settings = {ATTRIBUTES = (Public, ); }; };
		AAFE09D11BD9737C0045C8DF /* CBDatePickerController.h in Headers */ = {isa = PBXBuildFile; fileRef = AADC28631121824300E71852 /* CBDatePickerController.h */; settings = {ATTRIBUTES = (Public, ); }; };
		AAFE09D21BD9737C0045C8DF /* CBNumericEditorController.h in Headers */ = {isa = PBXBuildFile; fileRef = AADC279211217EEA00E71852 /* CBNumericEditorController.h */; settings = {ATTRIBUTES = (Public, ); }; };
		AAFE09D31BD9737C0045C8DF /* CBImageEditorController.h in Headers */ = {isa = PBXBuildFile; fileRef = AADC279111217EEA00E71852 /* CBImageEditorController.h */; settings = {ATTRIBUTES = (Public, ); }; };
/* End PBXBuildFile section */

/* Begin PBXFileReference section */
		AA04E27B1111144D0019434D /* CBEditorController.m */ = {isa = PBXFileReference; fileEncoding = 4; lastKnownFileType = sourcecode.c.objc; path = CBEditorController.m; sourceTree = "<group>"; };
		AA0E4CB51381520700A2FCF0 /* CBConfigTableViewCell.h */ = {isa = PBXFileReference; fileEncoding = 4; lastKnownFileType = sourcecode.c.h; path = CBConfigTableViewCell.h; sourceTree = "<group>"; };
		AA20294C160116AA00C25C98 /* CBEditorStepper.h */ = {isa = PBXFileReference; fileEncoding = 4; lastKnownFileType = sourcecode.c.h; path = CBEditorStepper.h; sourceTree = "<group>"; };
		AA20294D160116AA00C25C98 /* CBEditorStepper.m */ = {isa = PBXFileReference; fileEncoding = 4; lastKnownFileType = sourcecode.c.objc; path = CBEditorStepper.m; sourceTree = "<group>"; };
		AA39A4CD10FC5BD50038C291 /* CBEditorNumeric.m */ = {isa = PBXFileReference; fileEncoding = 4; lastKnownFileType = sourcecode.c.objc; path = CBEditorNumeric.m; sourceTree = "<group>"; };
		AA39A4D110FC5C2E0038C291 /* CBNumericEditorController.m */ = {isa = PBXFileReference; fileEncoding = 4; lastKnownFileType = sourcecode.c.objc; path = CBNumericEditorController.m; sourceTree = "<group>"; };
		AA438C16153AD511001226B4 /* CBCellPerformSegue.h */ = {isa = PBXFileReference; fileEncoding = 4; lastKnownFileType = sourcecode.c.h; path = CBCellPerformSegue.h; sourceTree = "<group>"; };
		AA438C17153AD511001226B4 /* CBCellPerformSegue.m */ = {isa = PBXFileReference; fileEncoding = 4; lastKnownFileType = sourcecode.c.objc; path = CBCellPerformSegue.m; sourceTree = "<group>"; };
		AA6422051144FF100093A091 /* CBCellStringInlineEditor.h */ = {isa = PBXFileReference; fileEncoding = 4; lastKnownFileType = sourcecode.c.h; path = CBCellStringInlineEditor.h; sourceTree = "<group>"; };
		AA6422061144FF100093A091 /* CBCellStringInlineEditor.m */ = {isa = PBXFileReference; fileEncoding = 4; lastKnownFileType = sourcecode.c.objc; path = CBCellStringInlineEditor.m; sourceTree = "<group>"; };
		AA65525E11119B390048C23B /* CBCellOptions.m */ = {isa = PBXFileReference; fileEncoding = 4; lastKnownFileType = sourcecode.c.objc; path = CBCellOptions.m; sourceTree = "<group>"; };
		AA717C4C112006C500FB5173 /* UIImageAdditions.h */ = {isa = PBXFileReference; fileEncoding = 4; lastKnownFileType = sourcecode.c.h; path = UIImageAdditions.h; sourceTree = "<group>"; };
		AA717C4D112006C500FB5173 /* UIImageAdditions.m */ = {isa = PBXFileReference; fileEncoding = 4; lastKnownFileType = sourcecode.c.objc; path = UIImageAdditions.m; sourceTree = "<group>"; };
		AA747D9E0F9514B9006C5449 /* ConfigurableTableView_Prefix.pch */ = {isa = PBXFileReference; fileEncoding = 4; lastKnownFileType = sourcecode.c.h; path = ConfigurableTableView_Prefix.pch; sourceTree = SOURCE_ROOT; };
		AA96511B123B8E41005F9CF4 /* CBCellButtons.h */ = {isa = PBXFileReference; fileEncoding = 4; lastKnownFileType = sourcecode.c.h; path = CBCellButtons.h; sourceTree = "<group>"; };
		AA96511C123B8E41005F9CF4 /* CBCellButtons.m */ = {isa = PBXFileReference; fileEncoding = 4; lastKnownFileType = sourcecode.c.objc; path = CBCellButtons.m; sourceTree = "<group>"; };
		AA987C8C11B4F3270066D3BE /* CBEditorOpenURL.m */ = {isa = PBXFileReference; fileEncoding = 4; lastKnownFileType = sourcecode.c.objc; path = CBEditorOpenURL.m; sourceTree = "<group>"; };
		AA987CA411B4F57C0066D3BE /* CBEditorOpenURL.h */ = {isa = PBXFileReference; fileEncoding = 4; lastKnownFileType = sourcecode.c.h; path = CBEditorOpenURL.h; sourceTree = "<group>"; };
		AA99AFC510CD212E00538E1F /* CBCellSubtable.m */ = {isa = PBXFileReference; fileEncoding = 4; lastKnownFileType = sourcecode.c.objc; path = CBCellSubtable.m; sourceTree = "<group>"; };
		AA99C6DC13695506002C5386 /* LICENSE */ = {isa = PBXFileReference; fileEncoding = 4; lastKnownFileType = text; name = LICENSE; path = ../LICENSE; sourceTree = "<group>"; };
		AA99C6DE13695528002C5386 /* CBEditorStringInline.m */ = {isa = PBXFileReference; fileEncoding = 4; lastKnownFileType = sourcecode.c.objc; path = CBEditorStringInline.m; sourceTree = "<group>"; };
		AA99C700136959F9002C5386 /* CBEditorStringInline.h */ = {isa = PBXFileReference; fileEncoding = 4; lastKnownFileType = sourcecode.c.h; path = CBEditorStringInline.h; sourceTree = "<group>"; };
		AAA158D810F4B4E10080D3B7 /* CBEditorString.m */ = {isa = PBXFileReference; fileEncoding = 4; lastKnownFileType = sourcecode.c.objc; path = CBEditorString.m; sourceTree = "<group>"; };
		AAA158DC10F4B50D0080D3B7 /* CBStringEditorController.m */ = {isa = PBXFileReference; fileEncoding = 4; lastKnownFileType = sourcecode.c.objc; path = CBStringEditorController.m; sourceTree = "<group>"; };
		AAA1590810F4B66C0080D3B7 /* CBTextFieldTableViewCell.m */ = {isa = PBXFileReference; fileEncoding = 4; lastKnownFileType = sourcecode.c.objc; path = CBTextFieldTableViewCell.m; sourceTree = "<group>"; };
		AAA1590A10F4B66C0080D3B7 /* CBTextViewTableViewCell.m */ = {isa = PBXFileReference; fileEncoding = 4; lastKnownFileType = sourcecode.c.objc; path = CBTextViewTableViewCell.m; sourceTree = "<group>"; };
		AAA1591510F4B6AA0080D3B7 /* CBEditableTableViewCell.m */ = {isa = PBXFileReference; fileEncoding = 4; lastKnownFileType = sourcecode.c.objc; path = CBEditableTableViewCell.m; sourceTree = "<group>"; };
		AAA50CB6170B4216008E9017 /* CBEditorOptionsSubtable.h */ = {isa = PBXFileReference; fileEncoding = 4; lastKnownFileType = sourcecode.c.h; path = CBEditorOptionsSubtable.h; sourceTree = "<group>"; };
		AAA50CB7170B4217008E9017 /* CBEditorOptionsSubtable.m */ = {isa = PBXFileReference; fileEncoding = 4; lastKnownFileType = sourcecode.c.objc; path = CBEditorOptionsSubtable.m; sourceTree = "<group>"; };
		AAA9424C110C66C70045A98E /* CBMultilineTableViewCell.h */ = {isa = PBXFileReference; fileEncoding = 4; lastKnownFileType = sourcecode.c.h; path = CBMultilineTableViewCell.h; sourceTree = "<group>"; };
		AAA9424D110C66C70045A98E /* CBMultilineTableViewCell.m */ = {isa = PBXFileReference; fileEncoding = 4; lastKnownFileType = sourcecode.c.objc; path = CBMultilineTableViewCell.m; sourceTree = "<group>"; };
		AAA945B3110DA1A70045A98E /* CBCellImage.m */ = {isa = PBXFileReference; fileEncoding = 4; lastKnownFileType = sourcecode.c.objc; path = CBCellImage.m; sourceTree = "<group>"; };
		AAA945E6110DA9C20045A98E /* CBImageEditorController.m */ = {isa = PBXFileReference; fileEncoding = 4; lastKnownFileType = sourcecode.c.objc; lineEnding = 0; path = CBImageEditorController.m; sourceTree = "<group>"; xcLanguageSpecificationIdentifier = xcode.lang.objc; };
		AAA9466D110DB4FC0045A98E /* CBCTVGlobal.h */ = {isa = PBXFileReference; fileEncoding = 4; lastKnownFileType = sourcecode.c.h; path = CBCTVGlobal.h; sourceTree = "<group>"; };
		AAA9466E110DB4FC0045A98E /* CBCTVGlobal.m */ = {isa = PBXFileReference; fileEncoding = 4; lastKnownFileType = sourcecode.c.objc; path = CBCTVGlobal.m; sourceTree = "<group>"; };
		AABB396F14879D4900A1AD86 /* CBCellNumericStepper.m */ = {isa = PBXFileReference; fileEncoding = 4; lastKnownFileType = sourcecode.c.objc; path = CBCellNumericStepper.m; sourceTree = "<group>"; };
		AABB397214879D5500A1AD86 /* CBCellNumericStepper.h */ = {isa = PBXFileReference; fileEncoding = 4; lastKnownFileType = sourcecode.c.h; path = CBCellNumericStepper.h; sourceTree = "<group>"; };
		AABB397414879F6700A1AD86 /* CBStepperCell.h */ = {isa = PBXFileReference; fileEncoding = 4; lastKnownFileType = sourcecode.objj.h; path = CBStepperCell.h; sourceTree = "<group>"; };
		AABB397514879F6700A1AD86 /* CBStepperCell.m */ = {isa = PBXFileReference; fileEncoding = 4; lastKnownFileType = sourcecode.c.objc; path = CBStepperCell.m; sourceTree = "<group>"; };
		AABD1F8319B71B1D00376CC3 /* ConfigurableTableView.podspec */ = {isa = PBXFileReference; lastKnownFileType = text; name = ConfigurableTableView.podspec; path = ../ConfigurableTableView.podspec; sourceTree = "<group>"; };
		AACB802A1536F464002CCDD2 /* CBConfigurableDataSourceAndDelegate.h */ = {isa = PBXFileReference; fileEncoding = 4; lastKnownFileType = sourcecode.c.h; path = CBConfigurableDataSourceAndDelegate.h; sourceTree = "<group>"; };
		AACB802B1536F464002CCDD2 /* CBConfigurableDataSourceAndDelegate.m */ = {isa = PBXFileReference; fileEncoding = 4; lastKnownFileType = sourcecode.c.objc; path = CBConfigurableDataSourceAndDelegate.m; sourceTree = "<group>"; };
		AACBBE490F95108600F1A2B1 /* Foundation.framework */ = {isa = PBXFileReference; lastKnownFileType = wrapper.framework; name = Foundation.framework; path = System/Library/Frameworks/Foundation.framework; sourceTree = SDKROOT; };
		AAD1103311E4835100072707 /* CBCellCharacter.m */ = {isa = PBXFileReference; fileEncoding = 4; lastKnownFileType = sourcecode.c.objc; path = CBCellCharacter.m; sourceTree = "<group>"; };
		AAD1103711E4838200072707 /* CBCharacterTableViewCell.m */ = {isa = PBXFileReference; fileEncoding = 4; lastKnownFileType = sourcecode.c.objc; path = CBCharacterTableViewCell.m; sourceTree = "<group>"; };
		AAD1106411E4871300072707 /* CBCellCharacter.h */ = {isa = PBXFileReference; fileEncoding = 4; lastKnownFileType = sourcecode.c.h; path = CBCellCharacter.h; sourceTree = "<group>"; };
		AAD1106611E4872400072707 /* CBCharacterTableViewCell.h */ = {isa = PBXFileReference; fileEncoding = 4; lastKnownFileType = sourcecode.c.h; path = CBCharacterTableViewCell.h; sourceTree = "<group>"; };
		AAD110C911E489EE00072707 /* CBConfigTableViewCell.m */ = {isa = PBXFileReference; fileEncoding = 4; lastKnownFileType = sourcecode.c.objc; path = CBConfigTableViewCell.m; sourceTree = "<group>"; };
		AAD27250129EBAF600ABEDF8 /* CBEditorTargetAction.m */ = {isa = PBXFileReference; fileEncoding = 4; lastKnownFileType = sourcecode.c.objc; path = CBEditorTargetAction.m; sourceTree = "<group>"; };
		AAD27264129EBC9500ABEDF8 /* CBEditorTargetAction.h */ = {isa = PBXFileReference; fileEncoding = 4; lastKnownFileType = sourcecode.c.h; path = CBEditorTargetAction.h; sourceTree = "<group>"; };
		AAD5CBF610C8FC86003D3A14 /* CBConfigurableTableViewController.h */ = {isa = PBXFileReference; fileEncoding = 4; lastKnownFileType = sourcecode.c.h; path = CBConfigurableTableViewController.h; sourceTree = "<group>"; };
		AAD5CBF710C8FC86003D3A14 /* CBConfigurableTableViewController.m */ = {isa = PBXFileReference; fileEncoding = 4; lastKnownFileType = sourcecode.c.objc; path = CBConfigurableTableViewController.m; sourceTree = "<group>"; };
		AAD5CBFC10C8FDDB003D3A14 /* CBTable.m */ = {isa = PBXFileReference; fileEncoding = 4; lastKnownFileType = sourcecode.c.objc; path = CBTable.m; sourceTree = "<group>"; };
		AAD5CC0010C8FEE2003D3A14 /* CBCell.m */ = {isa = PBXFileReference; fileEncoding = 4; lastKnownFileType = sourcecode.c.objc; path = CBCell.m; sourceTree = "<group>"; };
		AAD5CC0410C9009C003D3A14 /* CBSection.m */ = {isa = PBXFileReference; fileEncoding = 4; lastKnownFileType = sourcecode.c.objc; path = CBSection.m; sourceTree = "<group>"; };
		AAD5CC3A10C90623003D3A14 /* CBCellString.h */ = {isa = PBXFileReference; fileEncoding = 4; lastKnownFileType = sourcecode.c.h; path = CBCellString.h; sourceTree = "<group>"; };
		AAD5CC3B10C90623003D3A14 /* CBCellString.m */ = {isa = PBXFileReference; fileEncoding = 4; lastKnownFileType = sourcecode.c.objc; path = CBCellString.m; sourceTree = "<group>"; };
		AAD5CCE310C90E02003D3A14 /* UIKit.framework */ = {isa = PBXFileReference; lastKnownFileType = wrapper.framework; name = UIKit.framework; path = System/Library/Frameworks/UIKit.framework; sourceTree = SDKROOT; };
		AAD5CDD810C91A3A003D3A14 /* CBCellNumeric.m */ = {isa = PBXFileReference; fileEncoding = 4; lastKnownFileType = sourcecode.c.objc; path = CBCellNumeric.m; sourceTree = "<group>"; };
		AAD5CE6D10C9537C003D3A14 /* CBCellBoolean.m */ = {isa = PBXFileReference; fileEncoding = 4; lastKnownFileType = sourcecode.c.objc; path = CBCellBoolean.m; sourceTree = "<group>"; };
		AAD5CED510C95AC3003D3A14 /* CBSliderCell.h */ = {isa = PBXFileReference; fileEncoding = 4; lastKnownFileType = sourcecode.c.h; path = CBSliderCell.h; sourceTree = "<group>"; };
		AAD5CED610C95AC3003D3A14 /* CBSliderCell.m */ = {isa = PBXFileReference; fileEncoding = 4; lastKnownFileType = sourcecode.c.objc; path = CBSliderCell.m; sourceTree = "<group>"; };
		AAD5CEF010C95C20003D3A14 /* CBCellNumericSlider.m */ = {isa = PBXFileReference; fileEncoding = 4; lastKnownFileType = sourcecode.c.objc; path = CBCellNumericSlider.m; sourceTree = "<group>"; };
		AAD5CFE310C96676003D3A14 /* CBPickerController.m */ = {isa = PBXFileReference; fileEncoding = 4; lastKnownFileType = sourcecode.c.objc; path = CBPickerController.m; sourceTree = "<group>"; };
		AAD5CFEC10C9671E003D3A14 /* CBEditorPicker.m */ = {isa = PBXFileReference; fileEncoding = 4; lastKnownFileType = sourcecode.c.objc; path = CBEditorPicker.m; sourceTree = "<group>"; };
		AAD5D07210C97290003D3A14 /* CBEditor.m */ = {isa = PBXFileReference; fileEncoding = 4; lastKnownFileType = sourcecode.c.objc; path = CBEditor.m; sourceTree = "<group>"; };
		AADC276C11217DA100E71852 /* CBCellAction.h */ = {isa = PBXFileReference; fileEncoding = 4; lastKnownFileType = sourcecode.c.h; path = CBCellAction.h; sourceTree = "<group>"; };
		AADC276D11217DA100E71852 /* CBCellBoolean.h */ = {isa = PBXFileReference; fileEncoding = 4; lastKnownFileType = sourcecode.c.h; path = CBCellBoolean.h; sourceTree = "<group>"; };
		AADC276E11217DA100E71852 /* CBCellDate.h */ = {isa = PBXFileReference; fileEncoding = 4; lastKnownFileType = sourcecode.c.h; path = CBCellDate.h; sourceTree = "<group>"; };
		AADC276F11217DA100E71852 /* CBCellImage.h */ = {isa = PBXFileReference; fileEncoding = 4; lastKnownFileType = sourcecode.c.h; path = CBCellImage.h; sourceTree = "<group>"; };
		AADC277011217DA100E71852 /* CBCellNumeric.h */ = {isa = PBXFileReference; fileEncoding = 4; lastKnownFileType = sourcecode.c.h; path = CBCellNumeric.h; sourceTree = "<group>"; };
		AADC277111217DA100E71852 /* CBCellNumericSlider.h */ = {isa = PBXFileReference; fileEncoding = 4; lastKnownFileType = sourcecode.c.h; path = CBCellNumericSlider.h; sourceTree = "<group>"; };
		AADC277211217DA100E71852 /* CBCellOptions.h */ = {isa = PBXFileReference; fileEncoding = 4; lastKnownFileType = sourcecode.c.h; path = CBCellOptions.h; sourceTree = "<group>"; };
		AADC277311217DA100E71852 /* CBCellPassword.h */ = {isa = PBXFileReference; fileEncoding = 4; lastKnownFileType = sourcecode.c.h; path = CBCellPassword.h; sourceTree = "<group>"; };
		AADC277411217DA100E71852 /* CBCellSubtable.h */ = {isa = PBXFileReference; fileEncoding = 4; lastKnownFileType = sourcecode.c.h; path = CBCellSubtable.h; sourceTree = "<group>"; };
		AADC277E11217E6900E71852 /* CBEditorDatePicker.h */ = {isa = PBXFileReference; fileEncoding = 4; lastKnownFileType = sourcecode.c.h; path = CBEditorDatePicker.h; sourceTree = "<group>"; };
		AADC277F11217E6900E71852 /* CBEditorNumeric.h */ = {isa = PBXFileReference; fileEncoding = 4; lastKnownFileType = sourcecode.c.h; path = CBEditorNumeric.h; sourceTree = "<group>"; };
		AADC278011217E6900E71852 /* CBEditorPassword.h */ = {isa = PBXFileReference; fileEncoding = 4; lastKnownFileType = sourcecode.c.h; path = CBEditorPassword.h; sourceTree = "<group>"; };
		AADC278111217E6900E71852 /* CBEditorPicker.h */ = {isa = PBXFileReference; fileEncoding = 4; lastKnownFileType = sourcecode.c.h; path = CBEditorPicker.h; sourceTree = "<group>"; };
		AADC278211217E6900E71852 /* CBEditorString.h */ = {isa = PBXFileReference; fileEncoding = 4; lastKnownFileType = sourcecode.c.h; path = CBEditorString.h; sourceTree = "<group>"; };
		AADC278811217E9000E71852 /* CBCell.h */ = {isa = PBXFileReference; fileEncoding = 4; lastKnownFileType = sourcecode.c.h; path = CBCell.h; sourceTree = "<group>"; };
		AADC278911217E9000E71852 /* CBEditor.h */ = {isa = PBXFileReference; fileEncoding = 4; lastKnownFileType = sourcecode.c.h; path = CBEditor.h; sourceTree = "<group>"; };
		AADC278A11217E9000E71852 /* CBSection.h */ = {isa = PBXFileReference; fileEncoding = 4; lastKnownFileType = sourcecode.c.h; path = CBSection.h; sourceTree = "<group>"; };
		AADC278B11217E9000E71852 /* CBTable.h */ = {isa = PBXFileReference; fileEncoding = 4; lastKnownFileType = sourcecode.c.h; path = CBTable.h; sourceTree = "<group>"; };
		AADC279011217EEA00E71852 /* CBEditorController.h */ = {isa = PBXFileReference; fileEncoding = 4; lastKnownFileType = sourcecode.c.h; path = CBEditorController.h; sourceTree = "<group>"; };
		AADC279111217EEA00E71852 /* CBImageEditorController.h */ = {isa = PBXFileReference; fileEncoding = 4; lastKnownFileType = sourcecode.c.h; path = CBImageEditorController.h; sourceTree = "<group>"; };
		AADC279211217EEA00E71852 /* CBNumericEditorController.h */ = {isa = PBXFileReference; fileEncoding = 4; lastKnownFileType = sourcecode.c.h; path = CBNumericEditorController.h; sourceTree = "<group>"; };
		AADC279311217EEA00E71852 /* CBOptionsPickerController.h */ = {isa = PBXFileReference; fileEncoding = 4; lastKnownFileType = sourcecode.c.h; path = CBOptionsPickerController.h; sourceTree = "<group>"; };
		AADC279411217EEA00E71852 /* CBPickerController.h */ = {isa = PBXFileReference; fileEncoding = 4; lastKnownFileType = sourcecode.c.h; path = CBPickerController.h; sourceTree = "<group>"; };
		AADC279511217EEA00E71852 /* CBStringEditorController.h */ = {isa = PBXFileReference; fileEncoding = 4; lastKnownFileType = sourcecode.c.h; path = CBStringEditorController.h; sourceTree = "<group>"; };
		AADC279C11217F1300E71852 /* CBTextFieldTableViewCell.h */ = {isa = PBXFileReference; fileEncoding = 4; lastKnownFileType = sourcecode.c.h; path = CBTextFieldTableViewCell.h; sourceTree = "<group>"; };
		AADC279D11217F1300E71852 /* CBTextViewTableViewCell.h */ = {isa = PBXFileReference; fileEncoding = 4; lastKnownFileType = sourcecode.c.h; path = CBTextViewTableViewCell.h; sourceTree = "<group>"; };
		AADC279E11217F1300E71852 /* CBEditableTableViewCell.h */ = {isa = PBXFileReference; fileEncoding = 4; lastKnownFileType = sourcecode.c.h; path = CBEditableTableViewCell.h; sourceTree = "<group>"; };
		AADC28611121823000E71852 /* CBConfigurableTableView.h */ = {isa = PBXFileReference; fileEncoding = 4; lastKnownFileType = sourcecode.c.h; path = CBConfigurableTableView.h; sourceTree = SOURCE_ROOT; };
		AADC28631121824300E71852 /* CBDatePickerController.h */ = {isa = PBXFileReference; fileEncoding = 4; lastKnownFileType = sourcecode.c.h; path = CBDatePickerController.h; sourceTree = SOURCE_ROOT; };
		AAE8E951110FAC9D00352032 /* CBPickerOption.h */ = {isa = PBXFileReference; fileEncoding = 4; lastKnownFileType = sourcecode.c.h; path = CBPickerOption.h; sourceTree = "<group>"; };
		AAE8E952110FAC9D00352032 /* CBPickerOption.m */ = {isa = PBXFileReference; fileEncoding = 4; lastKnownFileType = sourcecode.c.objc; path = CBPickerOption.m; sourceTree = "<group>"; };
		AAE94AE110F4EF0900234EA2 /* CBCellPassword.m */ = {isa = PBXFileReference; fileEncoding = 4; lastKnownFileType = sourcecode.c.objc; path = CBCellPassword.m; sourceTree = "<group>"; };
		AAE94AE610F4EF9300234EA2 /* CBEditorPassword.m */ = {isa = PBXFileReference; fileEncoding = 4; lastKnownFileType = sourcecode.c.objc; path = CBEditorPassword.m; sourceTree = "<group>"; };
		AAE94F1010F5CE4700234EA2 /* CBDatePickerController.m */ = {isa = PBXFileReference; fileEncoding = 4; lastKnownFileType = sourcecode.c.objc; path = CBDatePickerController.m; sourceTree = "<group>"; };
		AAE94F1510F5CF2400234EA2 /* CBOptionsPickerController.m */ = {isa = PBXFileReference; fileEncoding = 4; lastKnownFileType = sourcecode.c.objc; path = CBOptionsPickerController.m; sourceTree = "<group>"; };
		AAE94F5310F5D31500234EA2 /* CBEditorDatePicker.m */ = {isa = PBXFileReference; fileEncoding = 4; lastKnownFileType = sourcecode.c.objc; path = CBEditorDatePicker.m; sourceTree = "<group>"; };
		AAE94F7910F5D4F400234EA2 /* CBCellDate.m */ = {isa = PBXFileReference; fileEncoding = 4; lastKnownFileType = sourcecode.c.objc; path = CBCellDate.m; sourceTree = "<group>"; };
		AAEF39701BCF03A30000509E /* CBConfigurableTableView.framework */ = {isa = PBXFileReference; explicitFileType = wrapper.framework; includeInIndex = 0; path = CBConfigurableTableView.framework; sourceTree = BUILT_PRODUCTS_DIR; };
		AAEF39741BCF03A30000509E /* Info.plist */ = {isa = PBXFileReference; lastKnownFileType = text.plist.xml; path = Info.plist; sourceTree = "<group>"; };
		AAEF3A3D1BCF13B50000509E /* CoreGraphics.framework */ = {isa = PBXFileReference; lastKnownFileType = wrapper.framework; name = CoreGraphics.framework; path = System/Library/Frameworks/CoreGraphics.framework; sourceTree = SDKROOT; };
		AAEF3D401BD512BB0000509E /* NSString+CBCTV.h */ = {isa = PBXFileReference; fileEncoding = 4; lastKnownFileType = sourcecode.c.h; path = "NSString+CBCTV.h"; sourceTree = "<group>"; };
		AAEF3D411BD512BB0000509E /* NSString+CBCTV.m */ = {isa = PBXFileReference; fileEncoding = 4; lastKnownFileType = sourcecode.c.objc; path = "NSString+CBCTV.m"; sourceTree = "<group>"; };
		AAFC018911105D7F00E5F04D /* CBCellAction.m */ = {isa = PBXFileReference; fileEncoding = 4; lastKnownFileType = sourcecode.c.objc; path = CBCellAction.m; sourceTree = "<group>"; };
		D2AAC07E0554694100DB518D /* libCBConfigurableTableView.a */ = {isa = PBXFileReference; explicitFileType = archive.ar; includeInIndex = 0; path = libCBConfigurableTableView.a; sourceTree = BUILT_PRODUCTS_DIR; };
/* End PBXFileReference section */

/* Begin PBXFrameworksBuildPhase section */
		AAEF396C1BCF03A30000509E /* Frameworks */ = {
			isa = PBXFrameworksBuildPhase;
			buildActionMask = 2147483647;
			files = (
				AAEF3A3E1BCF13B50000509E /* CoreGraphics.framework in Frameworks */,
				AAEF3A3C1BCF13AA0000509E /* UIKit.framework in Frameworks */,
			);
			runOnlyForDeploymentPostprocessing = 0;
		};
		D2AAC07C0554694100DB518D /* Frameworks */ = {
			isa = PBXFrameworksBuildPhase;
			buildActionMask = 2147483647;
			files = (
				AACBBE4A0F95108600F1A2B1 /* Foundation.framework in Frameworks */,
				AAD5CCE410C90E02003D3A14 /* UIKit.framework in Frameworks */,
			);
			runOnlyForDeploymentPostprocessing = 0;
		};
/* End PBXFrameworksBuildPhase section */

/* Begin PBXGroup section */
		034768DFFF38A50411DB9C8B /* Products */ = {
			isa = PBXGroup;
			children = (
				D2AAC07E0554694100DB518D /* libCBConfigurableTableView.a */,
				AAEF39701BCF03A30000509E /* CBConfigurableTableView.framework */,
			);
			name = Products;
			sourceTree = "<group>";
		};
		0867D691FE84028FC02AAC07 /* ConfigurableTableView */ = {
			isa = PBXGroup;
			children = (
				AABD1F8319B71B1D00376CC3 /* ConfigurableTableView.podspec */,
				08FB77AEFE84172EC02AAC07 /* Classes */,
				32C88DFF0371C24200C91783 /* Other Sources */,
				AAEF39711BCF03A30000509E /* ConfigurableTableView */,
				0867D69AFE84028FC02AAC07 /* Frameworks */,
				034768DFFF38A50411DB9C8B /* Products */,
				AA99C6DC13695506002C5386 /* LICENSE */,
			);
			name = ConfigurableTableView;
			sourceTree = "<group>";
		};
		0867D69AFE84028FC02AAC07 /* Frameworks */ = {
			isa = PBXGroup;
			children = (
				AAEF3A3D1BCF13B50000509E /* CoreGraphics.framework */,
				AACBBE490F95108600F1A2B1 /* Foundation.framework */,
				AAD5CCE310C90E02003D3A14 /* UIKit.framework */,
			);
			name = Frameworks;
			sourceTree = "<group>";
		};
		08FB77AEFE84172EC02AAC07 /* Classes */ = {
			isa = PBXGroup;
			children = (
				AADC28611121823000E71852 /* CBConfigurableTableView.h */,
				AAA9466D110DB4FC0045A98E /* CBCTVGlobal.h */,
				AAA9466E110DB4FC0045A98E /* CBCTVGlobal.m */,
				AAD5CBFA10C8FDCF003D3A14 /* Model */,
				AAD5CBF510C8FC62003D3A14 /* TableViewCells */,
				AAD5CFE610C966C2003D3A14 /* EditorImplementations */,
				AA717C50112006CF00FB5173 /* Additions */,
				AAD5CBF610C8FC86003D3A14 /* CBConfigurableTableViewController.h */,
				AAD5CBF710C8FC86003D3A14 /* CBConfigurableTableViewController.m */,
				AACB802A1536F464002CCDD2 /* CBConfigurableDataSourceAndDelegate.h */,
				AACB802B1536F464002CCDD2 /* CBConfigurableDataSourceAndDelegate.m */,
			);
			name = Classes;
			sourceTree = "<group>";
		};
		32C88DFF0371C24200C91783 /* Other Sources */ = {
			isa = PBXGroup;
			children = (
				AA747D9E0F9514B9006C5449 /* ConfigurableTableView_Prefix.pch */,
			);
			name = "Other Sources";
			sourceTree = "<group>";
		};
		AA717C50112006CF00FB5173 /* Additions */ = {
			isa = PBXGroup;
			children = (
				AA717C4C112006C500FB5173 /* UIImageAdditions.h */,
				AA717C4D112006C500FB5173 /* UIImageAdditions.m */,
				AAEF3D401BD512BB0000509E /* NSString+CBCTV.h */,
				AAEF3D411BD512BB0000509E /* NSString+CBCTV.m */,
			);
			name = Additions;
			sourceTree = "<group>";
		};
		AAA1590F10F4B6700080D3B7 /* Cells */ = {
			isa = PBXGroup;
			children = (
				AADC279E11217F1300E71852 /* CBEditableTableViewCell.h */,
				AAA1591510F4B6AA0080D3B7 /* CBEditableTableViewCell.m */,
			);
			name = Cells;
			sourceTree = "<group>";
		};
		AAD5CBF510C8FC62003D3A14 /* TableViewCells */ = {
			isa = PBXGroup;
			children = (
				AA0E4CB51381520700A2FCF0 /* CBConfigTableViewCell.h */,
				AAD110C911E489EE00072707 /* CBConfigTableViewCell.m */,
				AAD5CED510C95AC3003D3A14 /* CBSliderCell.h */,
				AAD5CED610C95AC3003D3A14 /* CBSliderCell.m */,
				AAA9424C110C66C70045A98E /* CBMultilineTableViewCell.h */,
				AAA9424D110C66C70045A98E /* CBMultilineTableViewCell.m */,
				AAD1106611E4872400072707 /* CBCharacterTableViewCell.h */,
				AAD1103711E4838200072707 /* CBCharacterTableViewCell.m */,
				AADC279C11217F1300E71852 /* CBTextFieldTableViewCell.h */,
				AAA1590810F4B66C0080D3B7 /* CBTextFieldTableViewCell.m */,
				AADC279D11217F1300E71852 /* CBTextViewTableViewCell.h */,
				AAA1590A10F4B66C0080D3B7 /* CBTextViewTableViewCell.m */,
				AABB397414879F6700A1AD86 /* CBStepperCell.h */,
				AABB397514879F6700A1AD86 /* CBStepperCell.m */,
			);
			name = TableViewCells;
			sourceTree = "<group>";
		};
		AAD5CBFA10C8FDCF003D3A14 /* Model */ = {
			isa = PBXGroup;
			children = (
				AAD5CE6B10C952FD003D3A14 /* Cells */,
				AAD5CFE110C96659003D3A14 /* Editors */,
				AAE8E950110FAC7700352032 /* Data */,
				AADC278B11217E9000E71852 /* CBTable.h */,
				AAD5CBFC10C8FDDB003D3A14 /* CBTable.m */,
				AADC278A11217E9000E71852 /* CBSection.h */,
				AAD5CC0410C9009C003D3A14 /* CBSection.m */,
				AADC278811217E9000E71852 /* CBCell.h */,
				AAD5CC0010C8FEE2003D3A14 /* CBCell.m */,
				AADC278911217E9000E71852 /* CBEditor.h */,
				AAD5D07210C97290003D3A14 /* CBEditor.m */,
			);
			name = Model;
			sourceTree = "<group>";
		};
		AAD5CE6B10C952FD003D3A14 /* Cells */ = {
			isa = PBXGroup;
			children = (
				AAD5CC3A10C90623003D3A14 /* CBCellString.h */,
				AAD5CC3B10C90623003D3A14 /* CBCellString.m */,
				AA6422051144FF100093A091 /* CBCellStringInlineEditor.h */,
				AA6422061144FF100093A091 /* CBCellStringInlineEditor.m */,
				AADC277011217DA100E71852 /* CBCellNumeric.h */,
				AAD5CDD810C91A3A003D3A14 /* CBCellNumeric.m */,
				AADC276D11217DA100E71852 /* CBCellBoolean.h */,
				AAD5CE6D10C9537C003D3A14 /* CBCellBoolean.m */,
				AADC277111217DA100E71852 /* CBCellNumericSlider.h */,
				AAD5CEF010C95C20003D3A14 /* CBCellNumericSlider.m */,
				AABB397214879D5500A1AD86 /* CBCellNumericStepper.h */,
				AABB396F14879D4900A1AD86 /* CBCellNumericStepper.m */,
				AADC277411217DA100E71852 /* CBCellSubtable.h */,
				AA99AFC510CD212E00538E1F /* CBCellSubtable.m */,
				AADC277311217DA100E71852 /* CBCellPassword.h */,
				AAE94AE110F4EF0900234EA2 /* CBCellPassword.m */,
				AADC276E11217DA100E71852 /* CBCellDate.h */,
				AAE94F7910F5D4F400234EA2 /* CBCellDate.m */,
				AADC276F11217DA100E71852 /* CBCellImage.h */,
				AAA945B3110DA1A70045A98E /* CBCellImage.m */,
				AADC276C11217DA100E71852 /* CBCellAction.h */,
				AAFC018911105D7F00E5F04D /* CBCellAction.m */,
				AADC277211217DA100E71852 /* CBCellOptions.h */,
				AA65525E11119B390048C23B /* CBCellOptions.m */,
				AAD1106411E4871300072707 /* CBCellCharacter.h */,
				AAD1103311E4835100072707 /* CBCellCharacter.m */,
				AA96511B123B8E41005F9CF4 /* CBCellButtons.h */,
				AA96511C123B8E41005F9CF4 /* CBCellButtons.m */,
				AA438C16153AD511001226B4 /* CBCellPerformSegue.h */,
				AA438C17153AD511001226B4 /* CBCellPerformSegue.m */,
			);
			name = Cells;
			sourceTree = "<group>";
		};
		AAD5CFE110C96659003D3A14 /* Editors */ = {
			isa = PBXGroup;
			children = (
				AADC278111217E6900E71852 /* CBEditorPicker.h */,
				AAD5CFEC10C9671E003D3A14 /* CBEditorPicker.m */,
				AADC278211217E6900E71852 /* CBEditorString.h */,
				AAA158D810F4B4E10080D3B7 /* CBEditorString.m */,
				AA99C700136959F9002C5386 /* CBEditorStringInline.h */,
				AA99C6DE13695528002C5386 /* CBEditorStringInline.m */,
				AADC277F11217E6900E71852 /* CBEditorNumeric.h */,
				AA39A4CD10FC5BD50038C291 /* CBEditorNumeric.m */,
				AADC278011217E6900E71852 /* CBEditorPassword.h */,
				AAE94AE610F4EF9300234EA2 /* CBEditorPassword.m */,
				AADC277E11217E6900E71852 /* CBEditorDatePicker.h */,
				AAE94F5310F5D31500234EA2 /* CBEditorDatePicker.m */,
				AA987CA411B4F57C0066D3BE /* CBEditorOpenURL.h */,
				AA987C8C11B4F3270066D3BE /* CBEditorOpenURL.m */,
				AAD27264129EBC9500ABEDF8 /* CBEditorTargetAction.h */,
				AAD27250129EBAF600ABEDF8 /* CBEditorTargetAction.m */,
				AA20294C160116AA00C25C98 /* CBEditorStepper.h */,
				AA20294D160116AA00C25C98 /* CBEditorStepper.m */,
				AAA50CB6170B4216008E9017 /* CBEditorOptionsSubtable.h */,
				AAA50CB7170B4217008E9017 /* CBEditorOptionsSubtable.m */,
			);
			name = Editors;
			sourceTree = "<group>";
		};
		AAD5CFE610C966C2003D3A14 /* EditorImplementations */ = {
			isa = PBXGroup;
			children = (
				AAA1590F10F4B6700080D3B7 /* Cells */,
				AADC279011217EEA00E71852 /* CBEditorController.h */,
				AA04E27B1111144D0019434D /* CBEditorController.m */,
				AADC279411217EEA00E71852 /* CBPickerController.h */,
				AAD5CFE310C96676003D3A14 /* CBPickerController.m */,
				AADC279511217EEA00E71852 /* CBStringEditorController.h */,
				AAA158DC10F4B50D0080D3B7 /* CBStringEditorController.m */,
				AADC28631121824300E71852 /* CBDatePickerController.h */,
				AAE94F1010F5CE4700234EA2 /* CBDatePickerController.m */,
				AADC279311217EEA00E71852 /* CBOptionsPickerController.h */,
				AAE94F1510F5CF2400234EA2 /* CBOptionsPickerController.m */,
				AADC279211217EEA00E71852 /* CBNumericEditorController.h */,
				AA39A4D110FC5C2E0038C291 /* CBNumericEditorController.m */,
				AADC279111217EEA00E71852 /* CBImageEditorController.h */,
				AAA945E6110DA9C20045A98E /* CBImageEditorController.m */,
			);
			name = EditorImplementations;
			sourceTree = "<group>";
		};
		AAE8E950110FAC7700352032 /* Data */ = {
			isa = PBXGroup;
			children = (
				AAE8E951110FAC9D00352032 /* CBPickerOption.h */,
				AAE8E952110FAC9D00352032 /* CBPickerOption.m */,
			);
			name = Data;
			sourceTree = "<group>";
		};
		AAEF39711BCF03A30000509E /* ConfigurableTableView */ = {
			isa = PBXGroup;
			children = (
				AAEF39741BCF03A30000509E /* Info.plist */,
			);
			path = ConfigurableTableView;
			sourceTree = "<group>";
		};
/* End PBXGroup section */

/* Begin PBXHeadersBuildPhase section */
		AAEF396D1BCF03A30000509E /* Headers */ = {
			isa = PBXHeadersBuildPhase;
			buildActionMask = 2147483647;
			files = (
				AAEF39971BCF04070000509E /* CBConfigurableTableViewController.h in Headers */,
				AAFE09C91BD9627B0045C8DF /* CBStepperCell.h in Headers */,
				AAEF398E1BCF03FE0000509E /* CBEditorOpenURL.h in Headers */,
				AAEF397D1BCF03FE0000509E /* CBCellNumericSlider.h in Headers */,
				AAFE09D11BD9737C0045C8DF /* CBDatePickerController.h in Headers */,
				AAEF397C1BCF03FE0000509E /* CBCellBoolean.h in Headers */,
				AAFE09CE1BD973540045C8DF /* CBPickerController.h in Headers */,
				AAEF398A1BCF03FE0000509E /* CBEditorStringInline.h in Headers */,
				AAFE09C71BD9627B0045C8DF /* CBCharacterTableViewCell.h in Headers */,
				AAEF39851BCF03FE0000509E /* CBCellCharacter.h in Headers */,
				AAEF3D431BD512BB0000509E /* NSString+CBCTV.h in Headers */,
				AAEF397B1BCF03FE0000509E /* CBCellNumeric.h in Headers */,
				AAEF39921BCF03FE0000509E /* CBPickerOption.h in Headers */,
				AAEF39931BCF03FE0000509E /* CBTable.h in Headers */,
				AAFE09C81BD9627B0045C8DF /* CBTextFieldTableViewCell.h in Headers */,
				AAFE09CD1BD972AC0045C8DF /* CBOptionsPickerController.h in Headers */,
				AAEF39781BCF03CC0000509E /* CBCTVGlobal.h in Headers */,
				AAEF39791BCF03FE0000509E /* CBCellString.h in Headers */,
				AAEF397A1BCF03FE0000509E /* CBCellStringInlineEditor.h in Headers */,
				AAEF39841BCF03FE0000509E /* CBCellOptions.h in Headers */,
				AAFE09CF1BD9737C0045C8DF /* CBEditorController.h in Headers */,
				AAEF39961BCF03FE0000509E /* CBEditor.h in Headers */,
				AAEF39981BCF04070000509E /* CBConfigurableDataSourceAndDelegate.h in Headers */,
				AAEF398F1BCF03FE0000509E /* CBEditorTargetAction.h in Headers */,
				AAFE09D01BD9737C0045C8DF /* CBStringEditorController.h in Headers */,
				AAEF39911BCF03FE0000509E /* CBEditorOptionsSubtable.h in Headers */,
				AAEF39861BCF03FE0000509E /* CBCellButtons.h in Headers */,
				AAEF398C1BCF03FE0000509E /* CBEditorPassword.h in Headers */,
				AA2F0B191BD9615B00F22B93 /* CBConfigurableTableView.h in Headers */,
				AAEF39881BCF03FE0000509E /* CBEditorPicker.h in Headers */,
				AAFE09D31BD9737C0045C8DF /* CBImageEditorController.h in Headers */,
				AAEF39871BCF03FE0000509E /* CBCellPerformSegue.h in Headers */,
				AAEF397E1BCF03FE0000509E /* CBCellNumericStepper.h in Headers */,
				AAEF398B1BCF03FE0000509E /* CBEditorNumeric.h in Headers */,
				AAFE09C61BD9627B0045C8DF /* CBMultilineTableViewCell.h in Headers */,
				AAEF39891BCF03FE0000509E /* CBEditorString.h in Headers */,
				AAEF39951BCF03FE0000509E /* CBCell.h in Headers */,
				AAFE09D21BD9737C0045C8DF /* CBNumericEditorController.h in Headers */,
				AAFE09C31BD962580045C8DF /* CBTextViewTableViewCell.h in Headers */,
				AAFE09C51BD9627B0045C8DF /* CBSliderCell.h in Headers */,
				AAEF39801BCF03FE0000509E /* CBCellPassword.h in Headers */,
				AAEF39901BCF03FE0000509E /* CBEditorStepper.h in Headers */,
				AAEF398D1BCF03FE0000509E /* CBEditorDatePicker.h in Headers */,
				AAFE09C41BD9627B0045C8DF /* CBConfigTableViewCell.h in Headers */,
				AAEF39941BCF03FE0000509E /* CBSection.h in Headers */,
				AAEF397F1BCF03FE0000509E /* CBCellSubtable.h in Headers */,
				AAEF39811BCF03FE0000509E /* CBCellDate.h in Headers */,
				AAEF39821BCF03FE0000509E /* CBCellImage.h in Headers */,
				AAEF39831BCF03FE0000509E /* CBCellAction.h in Headers */,
			);
			runOnlyForDeploymentPostprocessing = 0;
		};
		D2AAC07A0554694100DB518D /* Headers */ = {
			isa = PBXHeadersBuildPhase;
			buildActionMask = 2147483647;
			files = (
				AAD5CBF810C8FC86003D3A14 /* CBConfigurableTableViewController.h in Headers */,
				AACB802C1536F464002CCDD2 /* CBConfigurableDataSourceAndDelegate.h in Headers */,
				AAD5CC3C10C90623003D3A14 /* CBCellString.h in Headers */,
				AAD5CED710C95AC3003D3A14 /* CBSliderCell.h in Headers */,
				AAA9424E110C66C70045A98E /* CBMultilineTableViewCell.h in Headers */,
				AAA9466F110DB4FC0045A98E /* CBCTVGlobal.h in Headers */,
				AAE8E953110FAC9D00352032 /* CBPickerOption.h in Headers */,
				AA717C4E112006C500FB5173 /* UIImageAdditions.h in Headers */,
				AADC277511217DA100E71852 /* CBCellAction.h in Headers */,
				AADC277611217DA100E71852 /* CBCellBoolean.h in Headers */,
				AADC277711217DA100E71852 /* CBCellDate.h in Headers */,
				AADC277811217DA100E71852 /* CBCellImage.h in Headers */,
				AADC277911217DA100E71852 /* CBCellNumeric.h in Headers */,
				AADC277A11217DA100E71852 /* CBCellNumericSlider.h in Headers */,
				AADC277B11217DA100E71852 /* CBCellOptions.h in Headers */,
				AADC277C11217DA100E71852 /* CBCellPassword.h in Headers */,
				AADC277D11217DA100E71852 /* CBCellSubtable.h in Headers */,
				AA0E4CB2138151AA00A2FCF0 /* CBCellCharacter.h in Headers */,
				AA0E4CB3138151AE00A2FCF0 /* CBCellButtons.h in Headers */,
				AADC278311217E6900E71852 /* CBEditorDatePicker.h in Headers */,
				AADC278411217E6900E71852 /* CBEditorNumeric.h in Headers */,
				AADC278511217E6900E71852 /* CBEditorPassword.h in Headers */,
				AADC278611217E6900E71852 /* CBEditorPicker.h in Headers */,
				AADC278711217E6900E71852 /* CBEditorString.h in Headers */,
				AA0E4CB81381524E00A2FCF0 /* CBEditorOpenURL.h in Headers */,
				AA0E4CB91381525100A2FCF0 /* CBEditorTargetAction.h in Headers */,
				AA0E4CB11381504600A2FCF0 /* CBEditorStringInline.h in Headers */,
				AADC278C11217E9000E71852 /* CBCell.h in Headers */,
				AADC278D11217E9000E71852 /* CBEditor.h in Headers */,
				AADC278E11217E9000E71852 /* CBSection.h in Headers */,
				AADC278F11217E9000E71852 /* CBTable.h in Headers */,
				AAEF3D421BD512BB0000509E /* NSString+CBCTV.h in Headers */,
				AADC279611217EEA00E71852 /* CBEditorController.h in Headers */,
				AADC279711217EEA00E71852 /* CBImageEditorController.h in Headers */,
				AADC279811217EEA00E71852 /* CBNumericEditorController.h in Headers */,
				AADC279911217EEA00E71852 /* CBOptionsPickerController.h in Headers */,
				AADC279A11217EEA00E71852 /* CBPickerController.h in Headers */,
				AADC279B11217EEA00E71852 /* CBStringEditorController.h in Headers */,
				AADC279F11217F1300E71852 /* CBTextFieldTableViewCell.h in Headers */,
				AADC27A011217F1300E71852 /* CBTextViewTableViewCell.h in Headers */,
				AADC27A111217F1300E71852 /* CBEditableTableViewCell.h in Headers */,
				AADC28621121823000E71852 /* CBConfigurableTableView.h in Headers */,
				AABB39781487A15E00A1AD86 /* CBCellNumericStepper.h in Headers */,
				AADC28641121824300E71852 /* CBDatePickerController.h in Headers */,
				AA6422071144FF100093A091 /* CBCellStringInlineEditor.h in Headers */,
				AA0E4CB71381521300A2FCF0 /* CBConfigTableViewCell.h in Headers */,
				AA438C18153AD511001226B4 /* CBCellPerformSegue.h in Headers */,
				AA20294E160116AA00C25C98 /* CBEditorStepper.h in Headers */,
				AA747D9F0F9514B9006C5449 /* ConfigurableTableView_Prefix.pch in Headers */,
				AAA50CB8170B4217008E9017 /* CBEditorOptionsSubtable.h in Headers */,
			);
			runOnlyForDeploymentPostprocessing = 0;
		};
/* End PBXHeadersBuildPhase section */

/* Begin PBXNativeTarget section */
		AAEF396F1BCF03A30000509E /* CBConfigurableTableView */ = {
			isa = PBXNativeTarget;
			buildConfigurationList = AAEF39751BCF03A30000509E /* Build configuration list for PBXNativeTarget "CBConfigurableTableView" */;
			buildPhases = (
				AAEF396B1BCF03A30000509E /* Sources */,
				AAEF396C1BCF03A30000509E /* Frameworks */,
				AAEF396D1BCF03A30000509E /* Headers */,
				AAEF396E1BCF03A30000509E /* Resources */,
			);
			buildRules = (
			);
			dependencies = (
			);
			name = CBConfigurableTableView;
			productName = ConfigurableTableView;
			productReference = AAEF39701BCF03A30000509E /* CBConfigurableTableView.framework */;
			productType = "com.apple.product-type.framework";
		};
		D2AAC07D0554694100DB518D /* libConfigurableTableView */ = {
			isa = PBXNativeTarget;
			buildConfigurationList = 1DEB921E08733DC00010E9CD /* Build configuration list for PBXNativeTarget "libConfigurableTableView" */;
			buildPhases = (
				D2AAC07A0554694100DB518D /* Headers */,
				D2AAC07B0554694100DB518D /* Sources */,
				D2AAC07C0554694100DB518D /* Frameworks */,
			);
			buildRules = (
			);
			dependencies = (
			);
			name = libConfigurableTableView;
			productName = ConfigurableTableView;
			productReference = D2AAC07E0554694100DB518D /* libCBConfigurableTableView.a */;
			productType = "com.apple.product-type.library.static";
		};
/* End PBXNativeTarget section */

/* Begin PBXProject section */
		0867D690FE84028FC02AAC07 /* Project object */ = {
			isa = PBXProject;
			attributes = {
				LastUpgradeCheck = 0700;
				TargetAttributes = {
					AAEF396F1BCF03A30000509E = {
						CreatedOnToolsVersion = 7.0.1;
					};
				};
			};
			buildConfigurationList = 1DEB922208733DC00010E9CD /* Build configuration list for PBXProject "ConfigurableTableView" */;
			compatibilityVersion = "Xcode 3.2";
			developmentRegion = English;
			hasScannedForEncodings = 1;
			knownRegions = (
				English,
				Japanese,
				French,
				German,
			);
			mainGroup = 0867D691FE84028FC02AAC07 /* ConfigurableTableView */;
			productRefGroup = 034768DFFF38A50411DB9C8B /* Products */;
			projectDirPath = "";
			projectRoot = "";
			targets = (
				D2AAC07D0554694100DB518D /* libConfigurableTableView */,
				AAEF396F1BCF03A30000509E /* CBConfigurableTableView */,
			);
		};
/* End PBXProject section */

/* Begin PBXResourcesBuildPhase section */
		AAEF396E1BCF03A30000509E /* Resources */ = {
			isa = PBXResourcesBuildPhase;
			buildActionMask = 2147483647;
			files = (
			);
			runOnlyForDeploymentPostprocessing = 0;
		};
/* End PBXResourcesBuildPhase section */

/* Begin PBXSourcesBuildPhase section */
		AAEF396B1BCF03A30000509E /* Sources */ = {
			isa = PBXSourcesBuildPhase;
			buildActionMask = 2147483647;
			files = (
				AAEF399B1BCF042F0000509E /* CBCellStringInlineEditor.m in Sources */,
				AAEF39991BCF042F0000509E /* CBCTVGlobal.m in Sources */,
				AAEF39A01BCF042F0000509E /* CBCellSubtable.m in Sources */,
				AAEF39C81BCF042F0000509E /* CBConfigurableTableViewController.m in Sources */,
				AAEF399C1BCF042F0000509E /* CBCellNumeric.m in Sources */,
				AAEF39BE1BCF042F0000509E /* CBStepperCell.m in Sources */,
				AAEF39C61BCF042F0000509E /* CBImageEditorController.m in Sources */,
				AAEF39A61BCF042F0000509E /* CBCellCharacter.m in Sources */,
				AAEF39BB1BCF042F0000509E /* CBCharacterTableViewCell.m in Sources */,
				AAEF39A51BCF042F0000509E /* CBCellOptions.m in Sources */,
				AAEF39A41BCF042F0000509E /* CBCellAction.m in Sources */,
				AAEF39C51BCF042F0000509E /* CBNumericEditorController.m in Sources */,
				AAEF39AB1BCF042F0000509E /* CBEditorStringInline.m in Sources */,
				AAEF39B61BCF042F0000509E /* CBCell.m in Sources */,
				AAEF39C71BCF042F0000509E /* UIImageAdditions.m in Sources */,
				AAEF399A1BCF042F0000509E /* CBCellString.m in Sources */,
				AAEF3D451BD512BB0000509E /* NSString+CBCTV.m in Sources */,
				AAEF39B11BCF042F0000509E /* CBEditorStepper.m in Sources */,
				AAEF39A81BCF042F0000509E /* CBCellPerformSegue.m in Sources */,
				AAEF39A11BCF042F0000509E /* CBCellPassword.m in Sources */,
				AAEF39C31BCF042F0000509E /* CBDatePickerController.m in Sources */,
				AAEF39AE1BCF042F0000509E /* CBEditorDatePicker.m in Sources */,
				AAEF39C41BCF042F0000509E /* CBOptionsPickerController.m in Sources */,
				AAEF39A71BCF042F0000509E /* CBCellButtons.m in Sources */,
				AAEF39A21BCF042F0000509E /* CBCellDate.m in Sources */,
				AAEF39C91BCF042F0000509E /* CBConfigurableDataSourceAndDelegate.m in Sources */,
				AAEF39B81BCF042F0000509E /* CBConfigTableViewCell.m in Sources */,
				AAEF39B71BCF042F0000509E /* CBEditor.m in Sources */,
				AAEF39C21BCF042F0000509E /* CBStringEditorController.m in Sources */,
				AAEF399F1BCF042F0000509E /* CBCellNumericStepper.m in Sources */,
				AAEF399D1BCF042F0000509E /* CBCellBoolean.m in Sources */,
				AAEF39BA1BCF042F0000509E /* CBMultilineTableViewCell.m in Sources */,
				AAEF39A31BCF042F0000509E /* CBCellImage.m in Sources */,
				AAEF39B51BCF042F0000509E /* CBSection.m in Sources */,
				AAEF39BF1BCF042F0000509E /* CBEditableTableViewCell.m in Sources */,
				AAEF39B21BCF042F0000509E /* CBEditorOptionsSubtable.m in Sources */,
				AAEF39B31BCF042F0000509E /* CBPickerOption.m in Sources */,
				AAEF39BC1BCF042F0000509E /* CBTextFieldTableViewCell.m in Sources */,
				AAEF39AF1BCF042F0000509E /* CBEditorOpenURL.m in Sources */,
				AAEF39B91BCF042F0000509E /* CBSliderCell.m in Sources */,
				AAEF39B41BCF042F0000509E /* CBTable.m in Sources */,
				AAEF39B01BCF042F0000509E /* CBEditorTargetAction.m in Sources */,
				AAEF39BD1BCF042F0000509E /* CBTextViewTableViewCell.m in Sources */,
				AAEF39A91BCF042F0000509E /* CBEditorPicker.m in Sources */,
				AAEF39AA1BCF042F0000509E /* CBEditorString.m in Sources */,
				AAEF399E1BCF042F0000509E /* CBCellNumericSlider.m in Sources */,
				AAEF39AD1BCF042F0000509E /* CBEditorPassword.m in Sources */,
				AAEF39C11BCF042F0000509E /* CBPickerController.m in Sources */,
				AAEF39AC1BCF042F0000509E /* CBEditorNumeric.m in Sources */,
				AAEF39C01BCF042F0000509E /* CBEditorController.m in Sources */,
			);
			runOnlyForDeploymentPostprocessing = 0;
		};
		D2AAC07B0554694100DB518D /* Sources */ = {
			isa = PBXSourcesBuildPhase;
			buildActionMask = 2147483647;
			files = (
				AAD5CBF910C8FC86003D3A14 /* CBConfigurableTableViewController.m in Sources */,
				AAD5CBFE10C8FDDB003D3A14 /* CBTable.m in Sources */,
				AAD5CC0210C8FEE2003D3A14 /* CBCell.m in Sources */,
				AAD5CC0610C9009C003D3A14 /* CBSection.m in Sources */,
				AAD5CC3D10C90623003D3A14 /* CBCellString.m in Sources */,
				AAD5CDDA10C91A3A003D3A14 /* CBCellNumeric.m in Sources */,
				AAD5CE6F10C9537C003D3A14 /* CBCellBoolean.m in Sources */,
				AAD5CED810C95AC3003D3A14 /* CBSliderCell.m in Sources */,
				AAD5CEF210C95C20003D3A14 /* CBCellNumericSlider.m in Sources */,
				AAD5CFE510C96676003D3A14 /* CBPickerController.m in Sources */,
				AAD5CFEE10C9671E003D3A14 /* CBEditorPicker.m in Sources */,
				AAD5D07310C97290003D3A14 /* CBEditor.m in Sources */,
				AA99AFC710CD212E00538E1F /* CBCellSubtable.m in Sources */,
				AAA158DA10F4B4E10080D3B7 /* CBEditorString.m in Sources */,
				AAA158DE10F4B50D0080D3B7 /* CBStringEditorController.m in Sources */,
				AAA1590C10F4B66C0080D3B7 /* CBTextFieldTableViewCell.m in Sources */,
				AAEF3D441BD512BB0000509E /* NSString+CBCTV.m in Sources */,
				AAA1590E10F4B66C0080D3B7 /* CBTextViewTableViewCell.m in Sources */,
				AAA1591710F4B6AA0080D3B7 /* CBEditableTableViewCell.m in Sources */,
				AAE94AE310F4EF0900234EA2 /* CBCellPassword.m in Sources */,
				AAE94AE810F4EF9300234EA2 /* CBEditorPassword.m in Sources */,
				AAE94F1210F5CE4800234EA2 /* CBDatePickerController.m in Sources */,
				AAE94F1710F5CF2400234EA2 /* CBOptionsPickerController.m in Sources */,
				AAE94F5510F5D31500234EA2 /* CBEditorDatePicker.m in Sources */,
				AAE94F7B10F5D4F400234EA2 /* CBCellDate.m in Sources */,
				AA39A4CF10FC5BD50038C291 /* CBEditorNumeric.m in Sources */,
				AA39A4D310FC5C2E0038C291 /* CBNumericEditorController.m in Sources */,
				AAA9424F110C66C70045A98E /* CBMultilineTableViewCell.m in Sources */,
				AAA945B5110DA1A70045A98E /* CBCellImage.m in Sources */,
				AAA945E8110DA9C20045A98E /* CBImageEditorController.m in Sources */,
				AAA94670110DB4FC0045A98E /* CBCTVGlobal.m in Sources */,
				AAE8E954110FAC9D00352032 /* CBPickerOption.m in Sources */,
				AAFC018B11105D7F00E5F04D /* CBCellAction.m in Sources */,
				AA04E27C1111144D0019434D /* CBEditorController.m in Sources */,
				AA65526011119B390048C23B /* CBCellOptions.m in Sources */,
				AA717C4F112006C600FB5173 /* UIImageAdditions.m in Sources */,
				AA6422081144FF100093A091 /* CBCellStringInlineEditor.m in Sources */,
				AA987C8E11B4F3270066D3BE /* CBEditorOpenURL.m in Sources */,
				AAD1103511E4835100072707 /* CBCellCharacter.m in Sources */,
				AAD1103911E4838200072707 /* CBCharacterTableViewCell.m in Sources */,
				AAD110CB11E489EE00072707 /* CBConfigTableViewCell.m in Sources */,
				AA96511E123B8E41005F9CF4 /* CBCellButtons.m in Sources */,
				AAD27252129EBAF600ABEDF8 /* CBEditorTargetAction.m in Sources */,
				AA99C6E013695528002C5386 /* CBEditorStringInline.m in Sources */,
				AABB397014879D4900A1AD86 /* CBCellNumericStepper.m in Sources */,
				AABB397714879F6700A1AD86 /* CBStepperCell.m in Sources */,
				AA438C19153AD511001226B4 /* CBCellPerformSegue.m in Sources */,
				AACB802D1536F464002CCDD2 /* CBConfigurableDataSourceAndDelegate.m in Sources */,
				AA20294F160116AA00C25C98 /* CBEditorStepper.m in Sources */,
				AAA50CB9170B4217008E9017 /* CBEditorOptionsSubtable.m in Sources */,
			);
			runOnlyForDeploymentPostprocessing = 0;
		};
/* End PBXSourcesBuildPhase section */

/* Begin XCBuildConfiguration section */
		1DEB921F08733DC00010E9CD /* Debug */ = {
			isa = XCBuildConfiguration;
			buildSettings = {
				ALWAYS_SEARCH_USER_PATHS = NO;
				CLANG_ENABLE_OBJC_ARC = YES;
				COPY_PHASE_STRIP = NO;
				DSTROOT = /tmp/ConfigurableTableView.dst;
				GCC_DYNAMIC_NO_PIC = NO;
				GCC_MODEL_TUNING = G5;
				GCC_OPTIMIZATION_LEVEL = 0;
				GCC_PRECOMPILE_PREFIX_HEADER = YES;
				GCC_PREFIX_HEADER = ConfigurableTableView_Prefix.pch;
				GCC_THUMB_SUPPORT = NO;
				GCC_VERSION = com.apple.compilers.llvm.clang.1_0;
				INSTALL_PATH = "$(BUILT_PRODUCTS_DIR)";
				PRODUCT_NAME = CBConfigurableTableView;
				PUBLIC_HEADERS_FOLDER_PATH = "$(PRODUCT_NAME)";
				SKIP_INSTALL = YES;
			};
			name = Debug;
		};
		1DEB922008733DC00010E9CD /* Release */ = {
			isa = XCBuildConfiguration;
			buildSettings = {
				ALWAYS_SEARCH_USER_PATHS = NO;
				CLANG_ENABLE_OBJC_ARC = YES;
				DSTROOT = /tmp/ConfigurableTableView.dst;
				GCC_MODEL_TUNING = G5;
				GCC_PRECOMPILE_PREFIX_HEADER = YES;
				GCC_PREFIX_HEADER = ConfigurableTableView_Prefix.pch;
				GCC_THUMB_SUPPORT = NO;
				GCC_VERSION = com.apple.compilers.llvm.clang.1_0;
				INSTALL_PATH = "$(BUILT_PRODUCTS_DIR)";
				PRODUCT_NAME = CBConfigurableTableView;
				PUBLIC_HEADERS_FOLDER_PATH = "$(PRODUCT_NAME)";
				SKIP_INSTALL = YES;
			};
			name = Release;
		};
		1DEB922308733DC00010E9CD /* Debug */ = {
			isa = XCBuildConfiguration;
			buildSettings = {
				ENABLE_TESTABILITY = YES;
				GCC_C_LANGUAGE_STANDARD = c99;
				GCC_OPTIMIZATION_LEVEL = 0;
				GCC_THUMB_SUPPORT = NO;
				GCC_WARN_ABOUT_RETURN_TYPE = YES;
				GCC_WARN_UNUSED_VARIABLE = YES;
				IPHONEOS_DEPLOYMENT_TARGET = 6.1;
				ONLY_ACTIVE_ARCH = YES;
				OTHER_CFLAGS = (
					"-Werror=undeclared-selector",
					"-Werror=enum-conversion",
				);
				OTHER_LDFLAGS = "-ObjC";
				SDKROOT = iphoneos;
			};
			name = Debug;
		};
		1DEB922408733DC00010E9CD /* Release */ = {
			isa = XCBuildConfiguration;
			buildSettings = {
				GCC_C_LANGUAGE_STANDARD = c99;
				GCC_THUMB_SUPPORT = NO;
				GCC_WARN_ABOUT_RETURN_TYPE = YES;
				GCC_WARN_UNUSED_VARIABLE = YES;
				IPHONEOS_DEPLOYMENT_TARGET = 6.1;
				OTHER_CFLAGS = (
					"-Werror=undeclared-selector",
					"-Werror=enum-conversion",
				);
				OTHER_LDFLAGS = "-ObjC";
				SDKROOT = iphoneos;
			};
			name = Release;
		};
		AAEF39761BCF03A30000509E /* Debug */ = {
			isa = XCBuildConfiguration;
			buildSettings = {
				ALWAYS_SEARCH_USER_PATHS = NO;
				CLANG_CXX_LANGUAGE_STANDARD = "gnu++0x";
				CLANG_CXX_LIBRARY = "libc++";
				CLANG_ENABLE_MODULES = YES;
				CLANG_ENABLE_OBJC_ARC = YES;
				CLANG_WARN_BOOL_CONVERSION = YES;
				CLANG_WARN_CONSTANT_CONVERSION = YES;
				CLANG_WARN_DIRECT_OBJC_ISA_USAGE = YES_ERROR;
				CLANG_WARN_EMPTY_BODY = YES;
				CLANG_WARN_ENUM_CONVERSION = YES;
				CLANG_WARN_INT_CONVERSION = YES;
				CLANG_WARN_OBJC_ROOT_CLASS = YES_ERROR;
				CLANG_WARN_UNREACHABLE_CODE = YES;
				CLANG_WARN__DUPLICATE_METHOD_MATCH = YES;
				CODE_SIGN_IDENTITY = "iPhone Developer";
				COPY_PHASE_STRIP = NO;
				CURRENT_PROJECT_VERSION = 1;
				DEBUG_INFORMATION_FORMAT = dwarf;
				DEFINES_MODULE = YES;
				DYLIB_COMPATIBILITY_VERSION = 1;
				DYLIB_CURRENT_VERSION = 1;
				DYLIB_INSTALL_NAME_BASE = "@rpath";
				ENABLE_STRICT_OBJC_MSGSEND = YES;
				ENABLE_TESTABILITY = YES;
				GCC_C_LANGUAGE_STANDARD = gnu99;
				GCC_DYNAMIC_NO_PIC = NO;
				GCC_NO_COMMON_BLOCKS = YES;
				GCC_PREPROCESSOR_DEFINITIONS = (
					"DEBUG=1",
					"$(inherited)",
				);
				GCC_WARN_64_TO_32_BIT_CONVERSION = YES;
				GCC_WARN_ABOUT_RETURN_TYPE = YES_ERROR;
				GCC_WARN_UNDECLARED_SELECTOR = YES;
				GCC_WARN_UNINITIALIZED_AUTOS = YES_AGGRESSIVE;
				GCC_WARN_UNUSED_FUNCTION = YES;
				INFOPLIST_FILE = ConfigurableTableView/Info.plist;
				INSTALL_PATH = "$(LOCAL_LIBRARY_DIR)/Frameworks";
				IPHONEOS_DEPLOYMENT_TARGET = 8.0;
				LD_RUNPATH_SEARCH_PATHS = "$(inherited) @executable_path/Frameworks @loader_path/Frameworks";
				MTL_ENABLE_DEBUG_INFO = YES;
				PRODUCT_BUNDLE_IDENTIFIER = de.chbeer.ios.CBConfigurableTableView;
				PRODUCT_NAME = CBConfigurableTableView;
				SKIP_INSTALL = YES;
				TARGETED_DEVICE_FAMILY = "1,2";
				VERSIONING_SYSTEM = "apple-generic";
				VERSION_INFO_PREFIX = "";
			};
			name = Debug;
		};
		AAEF39771BCF03A30000509E /* Release */ = {
			isa = XCBuildConfiguration;
			buildSettings = {
				ALWAYS_SEARCH_USER_PATHS = NO;
				CLANG_CXX_LANGUAGE_STANDARD = "gnu++0x";
				CLANG_CXX_LIBRARY = "libc++";
				CLANG_ENABLE_MODULES = YES;
				CLANG_ENABLE_OBJC_ARC = YES;
				CLANG_WARN_BOOL_CONVERSION = YES;
				CLANG_WARN_CONSTANT_CONVERSION = YES;
				CLANG_WARN_DIRECT_OBJC_ISA_USAGE = YES_ERROR;
				CLANG_WARN_EMPTY_BODY = YES;
				CLANG_WARN_ENUM_CONVERSION = YES;
				CLANG_WARN_INT_CONVERSION = YES;
				CLANG_WARN_OBJC_ROOT_CLASS = YES_ERROR;
				CLANG_WARN_UNREACHABLE_CODE = YES;
				CLANG_WARN__DUPLICATE_METHOD_MATCH = YES;
				CODE_SIGN_IDENTITY = "iPhone Developer";
				COPY_PHASE_STRIP = NO;
				CURRENT_PROJECT_VERSION = 1;
				DEBUG_INFORMATION_FORMAT = "dwarf-with-dsym";
				DEFINES_MODULE = YES;
				DYLIB_COMPATIBILITY_VERSION = 1;
				DYLIB_CURRENT_VERSION = 1;
				DYLIB_INSTALL_NAME_BASE = "@rpath";
				ENABLE_NS_ASSERTIONS = NO;
				ENABLE_STRICT_OBJC_MSGSEND = YES;
				GCC_C_LANGUAGE_STANDARD = gnu99;
				GCC_NO_COMMON_BLOCKS = YES;
				GCC_WARN_64_TO_32_BIT_CONVERSION = YES;
				GCC_WARN_ABOUT_RETURN_TYPE = YES_ERROR;
				GCC_WARN_UNDECLARED_SELECTOR = YES;
				GCC_WARN_UNINITIALIZED_AUTOS = YES_AGGRESSIVE;
				GCC_WARN_UNUSED_FUNCTION = YES;
				INFOPLIST_FILE = ConfigurableTableView/Info.plist;
				INSTALL_PATH = "$(LOCAL_LIBRARY_DIR)/Frameworks";
				IPHONEOS_DEPLOYMENT_TARGET = 8.0;
				LD_RUNPATH_SEARCH_PATHS = "$(inherited) @executable_path/Frameworks @loader_path/Frameworks";
				MTL_ENABLE_DEBUG_INFO = NO;
				PRODUCT_BUNDLE_IDENTIFIER = de.chbeer.ios.CBConfigurableTableView;
				PRODUCT_NAME = CBConfigurableTableView;
				SKIP_INSTALL = YES;
				TARGETED_DEVICE_FAMILY = "1,2";
				VALIDATE_PRODUCT = YES;
				VERSIONING_SYSTEM = "apple-generic";
				VERSION_INFO_PREFIX = "";
			};
			name = Release;
		};
/* End XCBuildConfiguration section */

/* Begin XCConfigurationList section */
		1DEB921E08733DC00010E9CD /* Build configuration list for PBXNativeTarget "libConfigurableTableView" */ = {
			isa = XCConfigurationList;
			buildConfigurations = (
				1DEB921F08733DC00010E9CD /* Debug */,
				1DEB922008733DC00010E9CD /* Release */,
			);
			defaultConfigurationIsVisible = 0;
			defaultConfigurationName = Release;
		};
		1DEB922208733DC00010E9CD /* Build configuration list for PBXProject "ConfigurableTableView" */ = {
			isa = XCConfigurationList;
			buildConfigurations = (
				1DEB922308733DC00010E9CD /* Debug */,
				1DEB922408733DC00010E9CD /* Release */,
			);
			defaultConfigurationIsVisible = 0;
			defaultConfigurationName = Release;
		};
		AAEF39751BCF03A30000509E /* Build configuration list for PBXNativeTarget "CBConfigurableTableView" */ = {
			isa = XCConfigurationList;
			buildConfigurations = (
				AAEF39761BCF03A30000509E /* Debug */,
				AAEF39771BCF03A30000509E /* Release */,
			);
			defaultConfigurationIsVisible = 0;
			defaultConfigurationName = Release;
		};
/* End XCConfigurationList section */
	};
	rootObject = 0867D690FE84028FC02AAC07 /* Project object */;
}
